{
    "version": 3,
    "terraform_version": "0.11.11",
    "serial": 161,
    "lineage": "bda13ddd-b7c0-9bcd-024c-2cbae48f224d",
    "modules": [
        {
            "path": [
                "root"
            ],
            "outputs": {},
            "resources": {},
            "depends_on": []
        },
        {
            "path": [
                "root",
                "Docker_Hostvm"
            ],
            "outputs": {},
            "resources": {
                "data.vsphere_compute_cluster.cluster": {
                    "type": "vsphere_compute_cluster",
                    "depends_on": [
                        "data.vsphere_datacenter.dc"
                    ],
                    "primary": {
                        "id": "domain-c227",
                        "attributes": {
                            "datacenter_id": "datacenter-2",
                            "id": "domain-c227",
                            "name": "SIODev",
                            "resource_pool_id": "resgroup-228"
                        },
                        "meta": {},
                        "tainted": false
                    },
                    "deposed": [],
                    "provider": "provider.vsphere"
                },
                "data.vsphere_datacenter.dc": {
                    "type": "vsphere_datacenter",
                    "depends_on": [],
                    "primary": {
                        "id": "datacenter-2",
                        "attributes": {
                            "id": "datacenter-2",
                            "name": "PacLabs"
                        },
                        "meta": {},
                        "tainted": false
                    },
                    "deposed": [],
                    "provider": "provider.vsphere"
                },
                "data.vsphere_datastore.datastore": {
                    "type": "vsphere_datastore",
                    "depends_on": [
                        "data.vsphere_datacenter.dc"
                    ],
                    "primary": {
                        "id": "datastore-305",
                        "attributes": {
                            "datacenter_id": "datacenter-2",
                            "id": "datastore-305",
                            "name": "SIO_ds01"
                        },
                        "meta": {},
                        "tainted": false
                    },
                    "deposed": [],
                    "provider": "provider.vsphere"
                },
                "data.vsphere_network.sio_pg1": {
                    "type": "vsphere_network",
                    "depends_on": [
                        "data.vsphere_datacenter.dc"
                    ],
                    "primary": {
                        "id": "dvportgroup-239",
                        "attributes": {
                            "datacenter_id": "datacenter-2",
                            "id": "dvportgroup-239",
                            "name": "siodev_sio_pg1",
                            "type": "DistributedVirtualPortgroup"
                        },
                        "meta": {},
                        "tainted": false
                    },
                    "deposed": [],
                    "provider": "provider.vsphere"
                },
                "data.vsphere_network.sio_pg2": {
                    "type": "vsphere_network",
                    "depends_on": [
                        "data.vsphere_datacenter.dc"
                    ],
                    "primary": {
                        "id": "dvportgroup-240",
                        "attributes": {
                            "datacenter_id": "datacenter-2",
                            "id": "dvportgroup-240",
                            "name": "siodev_sio_pg2",
                            "type": "DistributedVirtualPortgroup"
                        },
                        "meta": {},
                        "tainted": false
                    },
                    "deposed": [],
                    "provider": "provider.vsphere"
                },
                "data.vsphere_network.vlan344": {
                    "type": "vsphere_network",
                    "depends_on": [
                        "data.vsphere_datacenter.dc"
                    ],
                    "primary": {
                        "id": "dvportgroup-238",
                        "attributes": {
                            "datacenter_id": "datacenter-2",
                            "id": "dvportgroup-238",
                            "name": "siodev_pg_344",
                            "type": "DistributedVirtualPortgroup"
                        },
                        "meta": {},
                        "tainted": false
                    },
                    "deposed": [],
                    "provider": "provider.vsphere"
                },
                "data.vsphere_resource_pool.pool": {
                    "type": "vsphere_resource_pool",
                    "depends_on": [
                        "data.vsphere_datacenter.dc"
                    ],
                    "primary": {
                        "id": "resgroup-228",
                        "attributes": {
                            "datacenter_id": "datacenter-2",
                            "id": "resgroup-228",
                            "name": "SIODev/Resources"
                        },
                        "meta": {},
                        "tainted": false
                    },
                    "deposed": [],
                    "provider": "provider.vsphere"
                },
                "data.vsphere_virtual_machine.template": {
                    "type": "vsphere_virtual_machine",
                    "depends_on": [
                        "data.vsphere_datacenter.dc"
                    ],
                    "primary": {
                        "id": "42197bb9-b46e-28ab-9623-5e0e94d4fc04",
                        "attributes": {
                            "alternate_guest_name": "",
                            "datacenter_id": "datacenter-2",
                            "disks.#": "1",
                            "disks.0.eagerly_scrub": "false",
                            "disks.0.size": "40",
                            "disks.0.thin_provisioned": "false",
                            "firmware": "bios",
                            "guest_id": "centos64Guest",
                            "id": "42197bb9-b46e-28ab-9623-5e0e94d4fc04",
                            "name": "SIODev_CentOS7_Template",
                            "network_interface_types.#": "1",
                            "network_interface_types.0": "vmxnet3",
                            "scsi_bus_sharing": "noSharing",
                            "scsi_controller_scan_count": "1",
                            "scsi_type": "pvscsi"
                        },
                        "meta": {},
                        "tainted": false
                    },
                    "deposed": [],
                    "provider": "provider.vsphere"
                },
                "vsphere_virtual_machine.Docker_Hostvm.0": {
                    "type": "vsphere_virtual_machine",
                    "depends_on": [
                        "data.vsphere_compute_cluster.cluster",
                        "data.vsphere_datastore.datastore",
                        "data.vsphere_network.sio_pg1",
                        "data.vsphere_network.sio_pg2",
                        "data.vsphere_network.vlan344",
                        "data.vsphere_virtual_machine.template"
                    ],
                    "primary": {
                        "id": "421903be-9c73-3031-a231-98d2bf2f7cc7",
                        "attributes": {
                            "alternate_guest_name": "",
                            "annotation": "",
                            "boot_delay": "0",
                            "boot_retry_delay": "10000",
                            "boot_retry_enabled": "false",
                            "cdrom.#": "0",
                            "change_version": "2019-02-13T16:03:22.399906Z",
                            "clone.#": "1",
                            "clone.0.customize.#": "1",
                            "clone.0.customize.0.dns_server_list.#": "2",
                            "clone.0.customize.0.dns_server_list.0": "10.237.198.254",
                            "clone.0.customize.0.dns_server_list.1": "10.201.16.29",
                            "clone.0.customize.0.dns_suffix_list.#": "0",
                            "clone.0.customize.0.ipv4_gateway": "10.237.198.1",
                            "clone.0.customize.0.ipv6_gateway": "",
                            "clone.0.customize.0.linux_options.#": "1",
                            "clone.0.customize.0.linux_options.0.domain": "paclabs.se.lab.emc.com",
                            "clone.0.customize.0.linux_options.0.host_name": "terraform-DockerHost0",
                            "clone.0.customize.0.linux_options.0.hw_clock_utc": "true",
                            "clone.0.customize.0.linux_options.0.time_zone": "",
                            "clone.0.customize.0.network_interface.#": "3",
                            "clone.0.customize.0.network_interface.0.dns_domain": "",
                            "clone.0.customize.0.network_interface.0.dns_server_list.#": "0",
                            "clone.0.customize.0.network_interface.0.ipv4_address": "10.237.198.190",
                            "clone.0.customize.0.network_interface.0.ipv4_netmask": "24",
                            "clone.0.customize.0.network_interface.0.ipv6_address": "",
                            "clone.0.customize.0.network_interface.0.ipv6_netmask": "0",
                            "clone.0.customize.0.timeout": "10",
                            "clone.0.customize.0.windows_options.#": "0",
                            "clone.0.customize.0.windows_sysprep_text": "",
                            "clone.0.linked_clone": "false",
                            "clone.0.template_uuid": "42197bb9-b46e-28ab-9623-5e0e94d4fc04",
                            "clone.0.timeout": "30",
                            "cpu_hot_add_enabled": "false",
                            "cpu_hot_remove_enabled": "false",
                            "cpu_limit": "-1",
                            "cpu_performance_counters_enabled": "false",
                            "cpu_reservation": "0",
                            "cpu_share_count": "2000",
                            "cpu_share_level": "normal",
                            "custom_attributes.%": "0",
                            "datastore_id": "datastore-305",
                            "default_ip_address": "10.237.198.190",
                            "disk.#": "1",
                            "disk.0.attach": "false",
                            "disk.0.datastore_id": "datastore-305",
                            "disk.0.device_address": "scsi:0:0",
                            "disk.0.disk_mode": "persistent",
                            "disk.0.disk_sharing": "sharingNone",
                            "disk.0.eagerly_scrub": "false",
                            "disk.0.io_limit": "-1",
                            "disk.0.io_reservation": "0",
                            "disk.0.io_share_count": "1000",
                            "disk.0.io_share_level": "normal",
                            "disk.0.keep_on_remove": "false",
                            "disk.0.key": "2000",
                            "disk.0.label": "disk0",
                            "disk.0.name": "",
                            "disk.0.path": "terraform-DockerHost0/terraform-DockerHost0.vmdk",
                            "disk.0.size": "40",
                            "disk.0.thin_provisioned": "false",
                            "disk.0.unit_number": "0",
                            "disk.0.uuid": "6000C296-be03-b539-8779-85d6d47dc3a3",
                            "disk.0.write_through": "false",
                            "enable_disk_uuid": "false",
                            "enable_logging": "false",
                            "ept_rvi_mode": "automatic",
                            "extra_config.%": "0",
                            "firmware": "bios",
                            "folder": "",
                            "force_power_off": "true",
                            "guest_id": "centos64Guest",
                            "guest_ip_addresses.#": "4",
                            "guest_ip_addresses.0": "10.237.198.190",
                            "guest_ip_addresses.1": "fe80::250:56ff:fe99:b382",
                            "guest_ip_addresses.2": "fe80::250:56ff:fe99:7241",
                            "guest_ip_addresses.3": "fe80::250:56ff:fe99:1922",
                            "host_system_id": "host-232",
                            "hv_mode": "hvAuto",
                            "id": "421903be-9c73-3031-a231-98d2bf2f7cc7",
                            "latency_sensitivity": "normal",
                            "memory": "4096",
                            "memory_hot_add_enabled": "false",
                            "memory_limit": "-1",
                            "memory_reservation": "0",
                            "memory_share_count": "40960",
                            "memory_share_level": "normal",
                            "migrate_wait_timeout": "30",
                            "moid": "vm-420",
                            "name": "terraform-DockerHost0",
                            "nested_hv_enabled": "false",
                            "network_interface.#": "3",
                            "network_interface.0.adapter_type": "vmxnet3",
                            "network_interface.0.bandwidth_limit": "-1",
                            "network_interface.0.bandwidth_reservation": "0",
                            "network_interface.0.bandwidth_share_count": "50",
                            "network_interface.0.bandwidth_share_level": "normal",
                            "network_interface.0.device_address": "pci:0:7",
                            "network_interface.0.key": "4000",
                            "network_interface.0.mac_address": "00:50:56:99:b3:82",
                            "network_interface.0.network_id": "dvportgroup-238",
                            "network_interface.0.use_static_mac": "false",
                            "network_interface.1.adapter_type": "vmxnet3",
                            "network_interface.1.bandwidth_limit": "-1",
                            "network_interface.1.bandwidth_reservation": "0",
                            "network_interface.1.bandwidth_share_count": "50",
                            "network_interface.1.bandwidth_share_level": "normal",
                            "network_interface.1.device_address": "pci:0:8",
                            "network_interface.1.key": "4001",
                            "network_interface.1.mac_address": "00:50:56:99:72:41",
                            "network_interface.1.network_id": "dvportgroup-239",
                            "network_interface.1.use_static_mac": "false",
                            "network_interface.2.adapter_type": "vmxnet3",
                            "network_interface.2.bandwidth_limit": "-1",
                            "network_interface.2.bandwidth_reservation": "0",
                            "network_interface.2.bandwidth_share_count": "50",
                            "network_interface.2.bandwidth_share_level": "normal",
                            "network_interface.2.device_address": "pci:0:9",
                            "network_interface.2.key": "4002",
                            "network_interface.2.mac_address": "00:50:56:99:19:22",
                            "network_interface.2.network_id": "dvportgroup-240",
                            "network_interface.2.use_static_mac": "false",
                            "num_cores_per_socket": "1",
                            "num_cpus": "2",
                            "reboot_required": "false",
                            "resource_pool_id": "resgroup-228",
                            "run_tools_scripts_after_power_on": "true",
                            "run_tools_scripts_after_resume": "true",
                            "run_tools_scripts_before_guest_reboot": "false",
                            "run_tools_scripts_before_guest_shutdown": "true",
                            "run_tools_scripts_before_guest_standby": "true",
                            "scsi_bus_sharing": "noSharing",
                            "scsi_controller_count": "1",
                            "scsi_type": "pvscsi",
                            "shutdown_wait_timeout": "3",
                            "swap_placement_policy": "inherit",
                            "sync_time_with_host": "false",
                            "tags.#": "0",
                            "uuid": "421903be-9c73-3031-a231-98d2bf2f7cc7",
                            "vapp_transport.#": "0",
                            "vmware_tools_status": "guestToolsRunning",
                            "vmx_path": "terraform-DockerHost0/terraform-DockerHost0.vmx",
                            "wait_for_guest_net_routable": "true",
                            "wait_for_guest_net_timeout": "5"
                        },
                        "meta": {
                            "schema_version": "3"
                        },
                        "tainted": false
                    },
                    "deposed": [],
                    "provider": "provider.vsphere"
                },
                "vsphere_virtual_machine.Docker_Hostvm.1": {
                    "type": "vsphere_virtual_machine",
                    "depends_on": [
                        "data.vsphere_compute_cluster.cluster",
                        "data.vsphere_datastore.datastore",
                        "data.vsphere_network.sio_pg1",
                        "data.vsphere_network.sio_pg2",
                        "data.vsphere_network.vlan344",
                        "data.vsphere_virtual_machine.template"
                    ],
                    "primary": {
                        "id": "42196e0d-7a0d-6788-f03e-62c1ce2be70e",
                        "attributes": {
                            "alternate_guest_name": "",
                            "annotation": "",
                            "boot_delay": "0",
                            "boot_retry_delay": "10000",
                            "boot_retry_enabled": "false",
                            "cdrom.#": "0",
                            "change_version": "2019-02-13T21:26:46.474866Z",
                            "clone.#": "1",
                            "clone.0.customize.#": "1",
                            "clone.0.customize.0.dns_server_list.#": "2",
                            "clone.0.customize.0.dns_server_list.0": "10.237.198.254",
                            "clone.0.customize.0.dns_server_list.1": "10.201.16.29",
                            "clone.0.customize.0.dns_suffix_list.#": "0",
                            "clone.0.customize.0.ipv4_gateway": "10.237.198.1",
                            "clone.0.customize.0.ipv6_gateway": "",
                            "clone.0.customize.0.linux_options.#": "1",
                            "clone.0.customize.0.linux_options.0.domain": "paclabs.se.lab.emc.com",
                            "clone.0.customize.0.linux_options.0.host_name": "terraform-DockerHost1",
                            "clone.0.customize.0.linux_options.0.hw_clock_utc": "true",
                            "clone.0.customize.0.linux_options.0.time_zone": "",
                            "clone.0.customize.0.network_interface.#": "3",
                            "clone.0.customize.0.network_interface.0.dns_domain": "",
                            "clone.0.customize.0.network_interface.0.dns_server_list.#": "0",
                            "clone.0.customize.0.network_interface.0.ipv4_address": "10.237.198.191",
                            "clone.0.customize.0.network_interface.0.ipv4_netmask": "24",
                            "clone.0.customize.0.network_interface.0.ipv6_address": "",
                            "clone.0.customize.0.network_interface.0.ipv6_netmask": "0",
                            "clone.0.customize.0.timeout": "10",
                            "clone.0.customize.0.windows_options.#": "0",
                            "clone.0.customize.0.windows_sysprep_text": "",
                            "clone.0.linked_clone": "false",
                            "clone.0.template_uuid": "42197bb9-b46e-28ab-9623-5e0e94d4fc04",
                            "clone.0.timeout": "30",
                            "cpu_hot_add_enabled": "false",
                            "cpu_hot_remove_enabled": "false",
                            "cpu_limit": "-1",
                            "cpu_performance_counters_enabled": "false",
                            "cpu_reservation": "0",
                            "cpu_share_count": "2000",
                            "cpu_share_level": "normal",
                            "custom_attributes.%": "0",
                            "datastore_id": "datastore-305",
                            "default_ip_address": "10.237.198.191",
                            "disk.#": "1",
                            "disk.0.attach": "false",
                            "disk.0.datastore_id": "datastore-305",
                            "disk.0.device_address": "scsi:0:0",
                            "disk.0.disk_mode": "persistent",
                            "disk.0.disk_sharing": "sharingNone",
                            "disk.0.eagerly_scrub": "false",
                            "disk.0.io_limit": "-1",
                            "disk.0.io_reservation": "0",
                            "disk.0.io_share_count": "1000",
                            "disk.0.io_share_level": "normal",
                            "disk.0.keep_on_remove": "false",
                            "disk.0.key": "2000",
                            "disk.0.label": "disk0",
                            "disk.0.name": "",
                            "disk.0.path": "terraform-DockerHost1/terraform-DockerHost1.vmdk",
                            "disk.0.size": "40",
                            "disk.0.thin_provisioned": "false",
                            "disk.0.unit_number": "0",
                            "disk.0.uuid": "6000C294-17cc-4b9b-0c37-c56424d47174",
                            "disk.0.write_through": "false",
                            "enable_disk_uuid": "false",
                            "enable_logging": "false",
                            "ept_rvi_mode": "automatic",
                            "extra_config.%": "0",
                            "firmware": "bios",
                            "folder": "",
                            "force_power_off": "true",
                            "guest_id": "centos64Guest",
                            "guest_ip_addresses.#": "4",
                            "guest_ip_addresses.0": "10.237.198.191",
                            "guest_ip_addresses.1": "fe80::250:56ff:fe99:c25",
                            "guest_ip_addresses.2": "fe80::250:56ff:fe99:ca22",
                            "guest_ip_addresses.3": "fe80::250:56ff:fe99:43e0",
                            "host_system_id": "host-155",
                            "hv_mode": "hvAuto",
                            "id": "42196e0d-7a0d-6788-f03e-62c1ce2be70e",
                            "latency_sensitivity": "normal",
                            "memory": "4096",
                            "memory_hot_add_enabled": "false",
                            "memory_limit": "-1",
                            "memory_reservation": "0",
                            "memory_share_count": "40960",
                            "memory_share_level": "normal",
                            "migrate_wait_timeout": "30",
                            "moid": "vm-421",
                            "name": "terraform-DockerHost1",
                            "nested_hv_enabled": "false",
                            "network_interface.#": "3",
                            "network_interface.0.adapter_type": "vmxnet3",
                            "network_interface.0.bandwidth_limit": "-1",
                            "network_interface.0.bandwidth_reservation": "0",
                            "network_interface.0.bandwidth_share_count": "50",
                            "network_interface.0.bandwidth_share_level": "normal",
                            "network_interface.0.device_address": "pci:0:7",
                            "network_interface.0.key": "4000",
                            "network_interface.0.mac_address": "00:50:56:99:0c:25",
                            "network_interface.0.network_id": "dvportgroup-238",
                            "network_interface.0.use_static_mac": "false",
                            "network_interface.1.adapter_type": "vmxnet3",
                            "network_interface.1.bandwidth_limit": "-1",
                            "network_interface.1.bandwidth_reservation": "0",
                            "network_interface.1.bandwidth_share_count": "50",
                            "network_interface.1.bandwidth_share_level": "normal",
                            "network_interface.1.device_address": "pci:0:8",
                            "network_interface.1.key": "4001",
                            "network_interface.1.mac_address": "00:50:56:99:ca:22",
                            "network_interface.1.network_id": "dvportgroup-239",
                            "network_interface.1.use_static_mac": "false",
                            "network_interface.2.adapter_type": "vmxnet3",
                            "network_interface.2.bandwidth_limit": "-1",
                            "network_interface.2.bandwidth_reservation": "0",
                            "network_interface.2.bandwidth_share_count": "50",
                            "network_interface.2.bandwidth_share_level": "normal",
                            "network_interface.2.device_address": "pci:0:9",
                            "network_interface.2.key": "4002",
                            "network_interface.2.mac_address": "00:50:56:99:43:e0",
                            "network_interface.2.network_id": "dvportgroup-240",
                            "network_interface.2.use_static_mac": "false",
                            "num_cores_per_socket": "1",
                            "num_cpus": "2",
                            "reboot_required": "false",
                            "resource_pool_id": "resgroup-228",
                            "run_tools_scripts_after_power_on": "true",
                            "run_tools_scripts_after_resume": "true",
                            "run_tools_scripts_before_guest_reboot": "false",
                            "run_tools_scripts_before_guest_shutdown": "true",
                            "run_tools_scripts_before_guest_standby": "true",
                            "scsi_bus_sharing": "noSharing",
                            "scsi_controller_count": "1",
                            "scsi_type": "pvscsi",
                            "shutdown_wait_timeout": "3",
                            "swap_placement_policy": "inherit",
                            "sync_time_with_host": "false",
                            "tags.#": "0",
                            "uuid": "42196e0d-7a0d-6788-f03e-62c1ce2be70e",
                            "vapp_transport.#": "0",
                            "vmware_tools_status": "guestToolsRunning",
                            "vmx_path": "terraform-DockerHost1/terraform-DockerHost1.vmx",
                            "wait_for_guest_net_routable": "true",
                            "wait_for_guest_net_timeout": "5"
                        },
                        "meta": {
                            "schema_version": "3"
                        },
                        "tainted": false
                    },
                    "deposed": [],
                    "provider": "provider.vsphere"
                },
                "vsphere_virtual_machine.Docker_Hostvm.2": {
                    "type": "vsphere_virtual_machine",
                    "depends_on": [
                        "data.vsphere_compute_cluster.cluster",
                        "data.vsphere_datastore.datastore",
                        "data.vsphere_network.sio_pg1",
                        "data.vsphere_network.sio_pg2",
                        "data.vsphere_network.vlan344",
                        "data.vsphere_virtual_machine.template"
                    ],
                    "primary": {
                        "id": "42192b52-7c62-75e9-7b4d-a62d8eab020a",
                        "attributes": {
                            "alternate_guest_name": "",
                            "annotation": "",
                            "boot_delay": "0",
                            "boot_retry_delay": "10000",
                            "boot_retry_enabled": "false",
                            "cdrom.#": "0",
                            "change_version": "2019-02-13T21:46:48.584679Z",
                            "clone.#": "1",
                            "clone.0.customize.#": "1",
                            "clone.0.customize.0.dns_server_list.#": "2",
                            "clone.0.customize.0.dns_server_list.0": "10.237.198.254",
                            "clone.0.customize.0.dns_server_list.1": "10.201.16.29",
                            "clone.0.customize.0.dns_suffix_list.#": "0",
                            "clone.0.customize.0.ipv4_gateway": "10.237.198.1",
                            "clone.0.customize.0.ipv6_gateway": "",
                            "clone.0.customize.0.linux_options.#": "1",
                            "clone.0.customize.0.linux_options.0.domain": "paclabs.se.lab.emc.com",
                            "clone.0.customize.0.linux_options.0.host_name": "terraform-DockerHost2",
                            "clone.0.customize.0.linux_options.0.hw_clock_utc": "true",
                            "clone.0.customize.0.linux_options.0.time_zone": "",
                            "clone.0.customize.0.network_interface.#": "3",
                            "clone.0.customize.0.network_interface.0.dns_domain": "",
                            "clone.0.customize.0.network_interface.0.dns_server_list.#": "0",
                            "clone.0.customize.0.network_interface.0.ipv4_address": "10.237.198.192",
                            "clone.0.customize.0.network_interface.0.ipv4_netmask": "24",
                            "clone.0.customize.0.network_interface.0.ipv6_address": "",
                            "clone.0.customize.0.network_interface.0.ipv6_netmask": "0",
                            "clone.0.customize.0.timeout": "10",
                            "clone.0.customize.0.windows_options.#": "0",
                            "clone.0.customize.0.windows_sysprep_text": "",
                            "clone.0.linked_clone": "false",
                            "clone.0.template_uuid": "42197bb9-b46e-28ab-9623-5e0e94d4fc04",
                            "clone.0.timeout": "30",
                            "cpu_hot_add_enabled": "false",
                            "cpu_hot_remove_enabled": "false",
                            "cpu_limit": "-1",
                            "cpu_performance_counters_enabled": "false",
                            "cpu_reservation": "0",
                            "cpu_share_count": "2000",
                            "cpu_share_level": "normal",
                            "custom_attributes.%": "0",
                            "datastore_id": "datastore-305",
                            "default_ip_address": "10.237.198.192",
                            "disk.#": "1",
                            "disk.0.attach": "false",
                            "disk.0.datastore_id": "datastore-305",
                            "disk.0.device_address": "scsi:0:0",
                            "disk.0.disk_mode": "persistent",
                            "disk.0.disk_sharing": "sharingNone",
                            "disk.0.eagerly_scrub": "false",
                            "disk.0.io_limit": "-1",
                            "disk.0.io_reservation": "0",
                            "disk.0.io_share_count": "1000",
                            "disk.0.io_share_level": "normal",
                            "disk.0.keep_on_remove": "false",
                            "disk.0.key": "2000",
                            "disk.0.label": "disk0",
                            "disk.0.name": "",
                            "disk.0.path": "terraform-DockerHost2/terraform-DockerHost2.vmdk",
                            "disk.0.size": "40",
                            "disk.0.thin_provisioned": "false",
                            "disk.0.unit_number": "0",
                            "disk.0.uuid": "6000C29f-1e99-4d4e-0885-8b9cc1420d0d",
                            "disk.0.write_through": "false",
                            "enable_disk_uuid": "false",
                            "enable_logging": "false",
                            "ept_rvi_mode": "automatic",
                            "extra_config.%": "0",
                            "firmware": "bios",
                            "folder": "",
                            "force_power_off": "true",
                            "guest_id": "centos64Guest",
                            "guest_ip_addresses.#": "4",
                            "guest_ip_addresses.0": "10.237.198.192",
                            "guest_ip_addresses.1": "fe80::250:56ff:fe99:2fb8",
                            "guest_ip_addresses.2": "fe80::250:56ff:fe99:2ae8",
                            "guest_ip_addresses.3": "fe80::250:56ff:fe99:8230",
                            "host_system_id": "host-234",
                            "hv_mode": "hvAuto",
                            "id": "42192b52-7c62-75e9-7b4d-a62d8eab020a",
                            "latency_sensitivity": "normal",
                            "memory": "4096",
                            "memory_hot_add_enabled": "false",
                            "memory_limit": "-1",
                            "memory_reservation": "0",
                            "memory_share_count": "40960",
                            "memory_share_level": "normal",
                            "migrate_wait_timeout": "30",
                            "moid": "vm-419",
                            "name": "terraform-DockerHost2",
                            "nested_hv_enabled": "false",
                            "network_interface.#": "3",
                            "network_interface.0.adapter_type": "vmxnet3",
                            "network_interface.0.bandwidth_limit": "-1",
                            "network_interface.0.bandwidth_reservation": "0",
                            "network_interface.0.bandwidth_share_count": "50",
                            "network_interface.0.bandwidth_share_level": "normal",
                            "network_interface.0.device_address": "pci:0:7",
                            "network_interface.0.key": "4000",
                            "network_interface.0.mac_address": "00:50:56:99:2f:b8",
                            "network_interface.0.network_id": "dvportgroup-238",
                            "network_interface.0.use_static_mac": "false",
                            "network_interface.1.adapter_type": "vmxnet3",
                            "network_interface.1.bandwidth_limit": "-1",
                            "network_interface.1.bandwidth_reservation": "0",
                            "network_interface.1.bandwidth_share_count": "50",
                            "network_interface.1.bandwidth_share_level": "normal",
                            "network_interface.1.device_address": "pci:0:8",
                            "network_interface.1.key": "4001",
                            "network_interface.1.mac_address": "00:50:56:99:2a:e8",
                            "network_interface.1.network_id": "dvportgroup-239",
                            "network_interface.1.use_static_mac": "false",
                            "network_interface.2.adapter_type": "vmxnet3",
                            "network_interface.2.bandwidth_limit": "-1",
                            "network_interface.2.bandwidth_reservation": "0",
                            "network_interface.2.bandwidth_share_count": "50",
                            "network_interface.2.bandwidth_share_level": "normal",
                            "network_interface.2.device_address": "pci:0:9",
                            "network_interface.2.key": "4002",
                            "network_interface.2.mac_address": "00:50:56:99:82:30",
                            "network_interface.2.network_id": "dvportgroup-240",
                            "network_interface.2.use_static_mac": "false",
                            "num_cores_per_socket": "1",
                            "num_cpus": "2",
                            "reboot_required": "false",
                            "resource_pool_id": "resgroup-228",
                            "run_tools_scripts_after_power_on": "true",
                            "run_tools_scripts_after_resume": "true",
                            "run_tools_scripts_before_guest_reboot": "false",
                            "run_tools_scripts_before_guest_shutdown": "true",
                            "run_tools_scripts_before_guest_standby": "true",
                            "scsi_bus_sharing": "noSharing",
                            "scsi_controller_count": "1",
                            "scsi_type": "pvscsi",
                            "shutdown_wait_timeout": "3",
                            "swap_placement_policy": "inherit",
                            "sync_time_with_host": "false",
                            "tags.#": "0",
                            "uuid": "42192b52-7c62-75e9-7b4d-a62d8eab020a",
                            "vapp_transport.#": "0",
                            "vmware_tools_status": "guestToolsRunning",
                            "vmx_path": "terraform-DockerHost2/terraform-DockerHost2.vmx",
                            "wait_for_guest_net_routable": "true",
                            "wait_for_guest_net_timeout": "5"
                        },
                        "meta": {
                            "schema_version": "3"
                        },
                        "tainted": false
                    },
                    "deposed": [],
                    "provider": "provider.vsphere"
                }
            },
            "depends_on": []
        },
        {
            "path": [
                "root",
                "GATEWAYvm"
            ],
            "outputs": {},
            "resources": {
                "data.vsphere_compute_cluster.cluster": {
                    "type": "vsphere_compute_cluster",
                    "depends_on": [
                        "data.vsphere_datacenter.dc"
                    ],
                    "primary": {
                        "id": "domain-c227",
                        "attributes": {
                            "datacenter_id": "datacenter-2",
                            "id": "domain-c227",
                            "name": "SIODev",
                            "resource_pool_id": "resgroup-228"
                        },
                        "meta": {},
                        "tainted": false
                    },
                    "deposed": [],
                    "provider": "provider.vsphere"
                },
                "data.vsphere_datacenter.dc": {
                    "type": "vsphere_datacenter",
                    "depends_on": [],
                    "primary": {
                        "id": "datacenter-2",
                        "attributes": {
                            "id": "datacenter-2",
                            "name": "PacLabs"
                        },
                        "meta": {},
                        "tainted": false
                    },
                    "deposed": [],
                    "provider": "provider.vsphere"
                },
                "data.vsphere_datastore.datastore": {
                    "type": "vsphere_datastore",
                    "depends_on": [
                        "data.vsphere_datacenter.dc"
                    ],
                    "primary": {
                        "id": "datastore-233",
                        "attributes": {
                            "datacenter_id": "datacenter-2",
                            "id": "datastore-233",
                            "name": "PacLabs007_Boot"
                        },
                        "meta": {},
                        "tainted": false
                    },
                    "deposed": [],
                    "provider": "provider.vsphere"
                },
                "data.vsphere_network.sio_pg1": {
                    "type": "vsphere_network",
                    "depends_on": [
                        "data.vsphere_datacenter.dc"
                    ],
                    "primary": {
                        "id": "dvportgroup-239",
                        "attributes": {
                            "datacenter_id": "datacenter-2",
                            "id": "dvportgroup-239",
                            "name": "siodev_sio_pg1",
                            "type": "DistributedVirtualPortgroup"
                        },
                        "meta": {},
                        "tainted": false
                    },
                    "deposed": [],
                    "provider": "provider.vsphere"
                },
                "data.vsphere_network.sio_pg2": {
                    "type": "vsphere_network",
                    "depends_on": [
                        "data.vsphere_datacenter.dc"
                    ],
                    "primary": {
                        "id": "dvportgroup-240",
                        "attributes": {
                            "datacenter_id": "datacenter-2",
                            "id": "dvportgroup-240",
                            "name": "siodev_sio_pg2",
                            "type": "DistributedVirtualPortgroup"
                        },
                        "meta": {},
                        "tainted": false
                    },
                    "deposed": [],
                    "provider": "provider.vsphere"
                },
                "data.vsphere_network.vlan344": {
                    "type": "vsphere_network",
                    "depends_on": [
                        "data.vsphere_datacenter.dc"
                    ],
                    "primary": {
                        "id": "dvportgroup-238",
                        "attributes": {
                            "datacenter_id": "datacenter-2",
                            "id": "dvportgroup-238",
                            "name": "siodev_pg_344",
                            "type": "DistributedVirtualPortgroup"
                        },
                        "meta": {},
                        "tainted": false
                    },
                    "deposed": [],
                    "provider": "provider.vsphere"
                },
                "data.vsphere_resource_pool.pool": {
                    "type": "vsphere_resource_pool",
                    "depends_on": [
                        "data.vsphere_datacenter.dc"
                    ],
                    "primary": {
                        "id": "resgroup-228",
                        "attributes": {
                            "datacenter_id": "datacenter-2",
                            "id": "resgroup-228",
                            "name": "SIODev/Resources"
                        },
                        "meta": {},
                        "tainted": false
                    },
                    "deposed": [],
                    "provider": "provider.vsphere"
                },
                "data.vsphere_virtual_machine.template": {
                    "type": "vsphere_virtual_machine",
                    "depends_on": [
                        "data.vsphere_datacenter.dc"
                    ],
                    "primary": {
                        "id": "42197bb9-b46e-28ab-9623-5e0e94d4fc04",
                        "attributes": {
                            "alternate_guest_name": "",
                            "datacenter_id": "datacenter-2",
                            "disks.#": "1",
                            "disks.0.eagerly_scrub": "false",
                            "disks.0.size": "40",
                            "disks.0.thin_provisioned": "false",
                            "firmware": "bios",
                            "guest_id": "centos64Guest",
                            "id": "42197bb9-b46e-28ab-9623-5e0e94d4fc04",
                            "name": "SIODev_CentOS7_Template",
                            "network_interface_types.#": "1",
                            "network_interface_types.0": "vmxnet3",
                            "scsi_bus_sharing": "noSharing",
                            "scsi_controller_scan_count": "1",
                            "scsi_type": "pvscsi"
                        },
                        "meta": {},
                        "tainted": false
                    },
                    "deposed": [],
                    "provider": "provider.vsphere"
                },
                "vsphere_virtual_machine.GATEWAYvm": {
                    "type": "vsphere_virtual_machine",
                    "depends_on": [
                        "data.vsphere_compute_cluster.cluster",
                        "data.vsphere_datastore.datastore",
                        "data.vsphere_network.sio_pg1",
                        "data.vsphere_network.sio_pg2",
                        "data.vsphere_network.vlan344",
                        "data.vsphere_virtual_machine.template"
                    ],
                    "primary": {
                        "id": "4219db52-9317-5d73-b605-150ab4b3a52d",
                        "attributes": {
                            "alternate_guest_name": "",
                            "annotation": "",
                            "boot_delay": "0",
                            "boot_retry_delay": "10000",
                            "boot_retry_enabled": "false",
                            "cdrom.#": "0",
                            "change_version": "2019-02-13T13:19:35.002949Z",
                            "clone.#": "1",
                            "clone.0.customize.#": "1",
                            "clone.0.customize.0.dns_server_list.#": "2",
                            "clone.0.customize.0.dns_server_list.0": "10.237.198.254",
                            "clone.0.customize.0.dns_server_list.1": "10.201.16.29",
                            "clone.0.customize.0.dns_suffix_list.#": "0",
                            "clone.0.customize.0.ipv4_gateway": "10.237.198.1",
                            "clone.0.customize.0.ipv6_gateway": "",
                            "clone.0.customize.0.linux_options.#": "1",
                            "clone.0.customize.0.linux_options.0.domain": "pac.lab",
                            "clone.0.customize.0.linux_options.0.host_name": "terraform-SIOGW",
                            "clone.0.customize.0.linux_options.0.hw_clock_utc": "true",
                            "clone.0.customize.0.linux_options.0.time_zone": "",
                            "clone.0.customize.0.network_interface.#": "3",
                            "clone.0.customize.0.network_interface.0.dns_domain": "",
                            "clone.0.customize.0.network_interface.0.dns_server_list.#": "0",
                            "clone.0.customize.0.network_interface.0.ipv4_address": "10.237.198.170",
                            "clone.0.customize.0.network_interface.0.ipv4_netmask": "24",
                            "clone.0.customize.0.network_interface.0.ipv6_address": "",
                            "clone.0.customize.0.network_interface.0.ipv6_netmask": "0",
                            "clone.0.customize.0.network_interface.1.dns_domain": "",
                            "clone.0.customize.0.network_interface.1.dns_server_list.#": "0",
                            "clone.0.customize.0.network_interface.1.ipv4_address": "192.168.10.200",
                            "clone.0.customize.0.network_interface.1.ipv4_netmask": "24",
                            "clone.0.customize.0.network_interface.1.ipv6_address": "",
                            "clone.0.customize.0.network_interface.1.ipv6_netmask": "0",
                            "clone.0.customize.0.network_interface.2.dns_domain": "",
                            "clone.0.customize.0.network_interface.2.dns_server_list.#": "0",
                            "clone.0.customize.0.network_interface.2.ipv4_address": "192.168.11.200",
                            "clone.0.customize.0.network_interface.2.ipv4_netmask": "24",
                            "clone.0.customize.0.network_interface.2.ipv6_address": "",
                            "clone.0.customize.0.network_interface.2.ipv6_netmask": "0",
                            "clone.0.customize.0.timeout": "10",
                            "clone.0.customize.0.windows_options.#": "0",
                            "clone.0.customize.0.windows_sysprep_text": "",
                            "clone.0.linked_clone": "false",
                            "clone.0.template_uuid": "42197bb9-b46e-28ab-9623-5e0e94d4fc04",
                            "clone.0.timeout": "30",
                            "cpu_hot_add_enabled": "false",
                            "cpu_hot_remove_enabled": "false",
                            "cpu_limit": "-1",
                            "cpu_performance_counters_enabled": "false",
                            "cpu_reservation": "0",
                            "cpu_share_count": "2000",
                            "cpu_share_level": "normal",
                            "custom_attributes.%": "0",
                            "datastore_id": "datastore-233",
                            "default_ip_address": "10.237.198.170",
                            "disk.#": "1",
                            "disk.0.attach": "false",
                            "disk.0.datastore_id": "datastore-233",
                            "disk.0.device_address": "scsi:0:0",
                            "disk.0.disk_mode": "persistent",
                            "disk.0.disk_sharing": "sharingNone",
                            "disk.0.eagerly_scrub": "false",
                            "disk.0.io_limit": "-1",
                            "disk.0.io_reservation": "0",
                            "disk.0.io_share_count": "1000",
                            "disk.0.io_share_level": "normal",
                            "disk.0.keep_on_remove": "false",
                            "disk.0.key": "2000",
                            "disk.0.label": "disk0",
                            "disk.0.name": "",
                            "disk.0.path": "terraform-SIOGW/terraform-SIOGW.vmdk",
                            "disk.0.size": "40",
                            "disk.0.thin_provisioned": "false",
                            "disk.0.unit_number": "0",
                            "disk.0.uuid": "6000C291-f1f7-28a2-06ee-fd638ab646d5",
                            "disk.0.write_through": "false",
                            "enable_disk_uuid": "false",
                            "enable_logging": "false",
                            "ept_rvi_mode": "automatic",
                            "extra_config.%": "0",
                            "firmware": "bios",
                            "folder": "",
                            "force_power_off": "true",
                            "guest_id": "centos64Guest",
                            "guest_ip_addresses.#": "6",
                            "guest_ip_addresses.0": "10.237.198.170",
                            "guest_ip_addresses.1": "192.168.10.200",
                            "guest_ip_addresses.2": "192.168.11.200",
                            "guest_ip_addresses.3": "fe80::250:56ff:fe99:abc2",
                            "guest_ip_addresses.4": "fe80::250:56ff:fe99:c402",
                            "guest_ip_addresses.5": "fe80::250:56ff:fe99:fa3",
                            "host_system_id": "host-232",
                            "hv_mode": "hvAuto",
                            "id": "4219db52-9317-5d73-b605-150ab4b3a52d",
                            "latency_sensitivity": "normal",
                            "memory": "3072",
                            "memory_hot_add_enabled": "false",
                            "memory_limit": "-1",
                            "memory_reservation": "0",
                            "memory_share_count": "30720",
                            "memory_share_level": "normal",
                            "migrate_wait_timeout": "30",
                            "moid": "vm-294",
                            "name": "terraform-SIOGW",
                            "nested_hv_enabled": "false",
                            "network_interface.#": "3",
                            "network_interface.0.adapter_type": "vmxnet3",
                            "network_interface.0.bandwidth_limit": "-1",
                            "network_interface.0.bandwidth_reservation": "0",
                            "network_interface.0.bandwidth_share_count": "50",
                            "network_interface.0.bandwidth_share_level": "normal",
                            "network_interface.0.device_address": "pci:0:7",
                            "network_interface.0.key": "4000",
                            "network_interface.0.mac_address": "00:50:56:99:ab:c2",
                            "network_interface.0.network_id": "dvportgroup-238",
                            "network_interface.0.use_static_mac": "false",
                            "network_interface.1.adapter_type": "vmxnet3",
                            "network_interface.1.bandwidth_limit": "-1",
                            "network_interface.1.bandwidth_reservation": "0",
                            "network_interface.1.bandwidth_share_count": "50",
                            "network_interface.1.bandwidth_share_level": "normal",
                            "network_interface.1.device_address": "pci:0:8",
                            "network_interface.1.key": "4001",
                            "network_interface.1.mac_address": "00:50:56:99:c4:02",
                            "network_interface.1.network_id": "dvportgroup-239",
                            "network_interface.1.use_static_mac": "false",
                            "network_interface.2.adapter_type": "vmxnet3",
                            "network_interface.2.bandwidth_limit": "-1",
                            "network_interface.2.bandwidth_reservation": "0",
                            "network_interface.2.bandwidth_share_count": "50",
                            "network_interface.2.bandwidth_share_level": "normal",
                            "network_interface.2.device_address": "pci:0:9",
                            "network_interface.2.key": "4002",
                            "network_interface.2.mac_address": "00:50:56:99:0f:a3",
                            "network_interface.2.network_id": "dvportgroup-240",
                            "network_interface.2.use_static_mac": "false",
                            "num_cores_per_socket": "1",
                            "num_cpus": "2",
                            "reboot_required": "false",
                            "resource_pool_id": "resgroup-228",
                            "run_tools_scripts_after_power_on": "true",
                            "run_tools_scripts_after_resume": "true",
                            "run_tools_scripts_before_guest_reboot": "false",
                            "run_tools_scripts_before_guest_shutdown": "true",
                            "run_tools_scripts_before_guest_standby": "true",
                            "scsi_bus_sharing": "noSharing",
                            "scsi_controller_count": "1",
                            "scsi_type": "pvscsi",
                            "shutdown_wait_timeout": "3",
                            "swap_placement_policy": "inherit",
                            "sync_time_with_host": "false",
                            "tags.#": "0",
                            "uuid": "4219db52-9317-5d73-b605-150ab4b3a52d",
                            "vapp_transport.#": "0",
                            "vmware_tools_status": "guestToolsRunning",
                            "vmx_path": "terraform-SIOGW/terraform-SIOGW.vmx",
                            "wait_for_guest_net_routable": "true",
                            "wait_for_guest_net_timeout": "5"
                        },
                        "meta": {
                            "schema_version": "3"
                        },
                        "tainted": false
                    },
                    "deposed": [],
                    "provider": "provider.vsphere"
                }
            },
            "depends_on": []
        },
        {
            "path": [
                "root",
                "SDSvm1"
            ],
            "outputs": {},
            "resources": {
                "data.vsphere_compute_cluster.cluster": {
                    "type": "vsphere_compute_cluster",
                    "depends_on": [
                        "data.vsphere_datacenter.dc"
                    ],
                    "primary": {
                        "id": "domain-c227",
                        "attributes": {
                            "datacenter_id": "datacenter-2",
                            "id": "domain-c227",
                            "name": "SIODev",
                            "resource_pool_id": "resgroup-228"
                        },
                        "meta": {},
                        "tainted": false
                    },
                    "deposed": [],
                    "provider": "provider.vsphere"
                },
                "data.vsphere_datacenter.dc": {
                    "type": "vsphere_datacenter",
                    "depends_on": [],
                    "primary": {
                        "id": "datacenter-2",
                        "attributes": {
                            "id": "datacenter-2",
                            "name": "PacLabs"
                        },
                        "meta": {},
                        "tainted": false
                    },
                    "deposed": [],
                    "provider": "provider.vsphere"
                },
                "data.vsphere_datastore.datastore": {
                    "type": "vsphere_datastore",
                    "depends_on": [
                        "data.vsphere_datacenter.dc"
                    ],
                    "primary": {
                        "id": "datastore-233",
                        "attributes": {
                            "datacenter_id": "datacenter-2",
                            "id": "datastore-233",
                            "name": "PacLabs007_Boot"
                        },
                        "meta": {},
                        "tainted": false
                    },
                    "deposed": [],
                    "provider": "provider.vsphere"
                },
                "data.vsphere_network.sio_pg1": {
                    "type": "vsphere_network",
                    "depends_on": [
                        "data.vsphere_datacenter.dc"
                    ],
                    "primary": {
                        "id": "dvportgroup-239",
                        "attributes": {
                            "datacenter_id": "datacenter-2",
                            "id": "dvportgroup-239",
                            "name": "siodev_sio_pg1",
                            "type": "DistributedVirtualPortgroup"
                        },
                        "meta": {},
                        "tainted": false
                    },
                    "deposed": [],
                    "provider": "provider.vsphere"
                },
                "data.vsphere_network.sio_pg2": {
                    "type": "vsphere_network",
                    "depends_on": [
                        "data.vsphere_datacenter.dc"
                    ],
                    "primary": {
                        "id": "dvportgroup-240",
                        "attributes": {
                            "datacenter_id": "datacenter-2",
                            "id": "dvportgroup-240",
                            "name": "siodev_sio_pg2",
                            "type": "DistributedVirtualPortgroup"
                        },
                        "meta": {},
                        "tainted": false
                    },
                    "deposed": [],
                    "provider": "provider.vsphere"
                },
                "data.vsphere_network.vlan344": {
                    "type": "vsphere_network",
                    "depends_on": [
                        "data.vsphere_datacenter.dc"
                    ],
                    "primary": {
                        "id": "dvportgroup-238",
                        "attributes": {
                            "datacenter_id": "datacenter-2",
                            "id": "dvportgroup-238",
                            "name": "siodev_pg_344",
                            "type": "DistributedVirtualPortgroup"
                        },
                        "meta": {},
                        "tainted": false
                    },
                    "deposed": [],
                    "provider": "provider.vsphere"
                },
                "data.vsphere_resource_pool.pool": {
                    "type": "vsphere_resource_pool",
                    "depends_on": [
                        "data.vsphere_datacenter.dc"
                    ],
                    "primary": {
                        "id": "resgroup-228",
                        "attributes": {
                            "datacenter_id": "datacenter-2",
                            "id": "resgroup-228",
                            "name": "SIODev/Resources"
                        },
                        "meta": {},
                        "tainted": false
                    },
                    "deposed": [],
                    "provider": "provider.vsphere"
                },
                "data.vsphere_virtual_machine.template": {
                    "type": "vsphere_virtual_machine",
                    "depends_on": [
                        "data.vsphere_datacenter.dc"
                    ],
                    "primary": {
                        "id": "42197bb9-b46e-28ab-9623-5e0e94d4fc04",
                        "attributes": {
                            "alternate_guest_name": "",
                            "datacenter_id": "datacenter-2",
                            "disks.#": "1",
                            "disks.0.eagerly_scrub": "false",
                            "disks.0.size": "40",
                            "disks.0.thin_provisioned": "false",
                            "firmware": "bios",
                            "guest_id": "centos64Guest",
                            "id": "42197bb9-b46e-28ab-9623-5e0e94d4fc04",
                            "name": "SIODev_CentOS7_Template",
                            "network_interface_types.#": "1",
                            "network_interface_types.0": "vmxnet3",
                            "scsi_bus_sharing": "noSharing",
                            "scsi_controller_scan_count": "1",
                            "scsi_type": "pvscsi"
                        },
                        "meta": {},
                        "tainted": false
                    },
                    "deposed": [],
                    "provider": "provider.vsphere"
                },
                "vsphere_virtual_machine.SDSvm": {
                    "type": "vsphere_virtual_machine",
                    "depends_on": [
                        "data.vsphere_compute_cluster.cluster",
                        "data.vsphere_datastore.datastore",
                        "data.vsphere_network.sio_pg1",
                        "data.vsphere_network.sio_pg2",
                        "data.vsphere_network.vlan344",
                        "data.vsphere_virtual_machine.template"
                    ],
                    "primary": {
                        "id": "4219a18f-fe0b-8b4b-932d-ce60f673c362",
                        "attributes": {
                            "alternate_guest_name": "",
                            "annotation": "",
                            "boot_delay": "0",
                            "boot_retry_delay": "10000",
                            "boot_retry_enabled": "false",
                            "cdrom.#": "0",
                            "change_version": "2019-02-13T13:19:34.998967Z",
                            "clone.#": "1",
                            "clone.0.customize.#": "1",
                            "clone.0.customize.0.dns_server_list.#": "2",
                            "clone.0.customize.0.dns_server_list.0": "10.237.198.254",
                            "clone.0.customize.0.dns_server_list.1": "10.201.16.29",
                            "clone.0.customize.0.dns_suffix_list.#": "0",
                            "clone.0.customize.0.ipv4_gateway": "10.237.198.1",
                            "clone.0.customize.0.ipv6_gateway": "",
                            "clone.0.customize.0.linux_options.#": "1",
                            "clone.0.customize.0.linux_options.0.domain": "pac.lab",
                            "clone.0.customize.0.linux_options.0.host_name": "terraform-SIOSVM1",
                            "clone.0.customize.0.linux_options.0.hw_clock_utc": "true",
                            "clone.0.customize.0.linux_options.0.time_zone": "",
                            "clone.0.customize.0.network_interface.#": "3",
                            "clone.0.customize.0.network_interface.0.dns_domain": "",
                            "clone.0.customize.0.network_interface.0.dns_server_list.#": "0",
                            "clone.0.customize.0.network_interface.0.ipv4_address": "10.237.198.171",
                            "clone.0.customize.0.network_interface.0.ipv4_netmask": "24",
                            "clone.0.customize.0.network_interface.0.ipv6_address": "",
                            "clone.0.customize.0.network_interface.0.ipv6_netmask": "0",
                            "clone.0.customize.0.network_interface.1.dns_domain": "",
                            "clone.0.customize.0.network_interface.1.dns_server_list.#": "0",
                            "clone.0.customize.0.network_interface.1.ipv4_address": "192.168.10.201",
                            "clone.0.customize.0.network_interface.1.ipv4_netmask": "24",
                            "clone.0.customize.0.network_interface.1.ipv6_address": "",
                            "clone.0.customize.0.network_interface.1.ipv6_netmask": "0",
                            "clone.0.customize.0.network_interface.2.dns_domain": "",
                            "clone.0.customize.0.network_interface.2.dns_server_list.#": "0",
                            "clone.0.customize.0.network_interface.2.ipv4_address": "192.168.11.201",
                            "clone.0.customize.0.network_interface.2.ipv4_netmask": "24",
                            "clone.0.customize.0.network_interface.2.ipv6_address": "",
                            "clone.0.customize.0.network_interface.2.ipv6_netmask": "0",
                            "clone.0.customize.0.timeout": "10",
                            "clone.0.customize.0.windows_options.#": "0",
                            "clone.0.customize.0.windows_sysprep_text": "",
                            "clone.0.linked_clone": "false",
                            "clone.0.template_uuid": "42197bb9-b46e-28ab-9623-5e0e94d4fc04",
                            "clone.0.timeout": "30",
                            "cpu_hot_add_enabled": "false",
                            "cpu_hot_remove_enabled": "false",
                            "cpu_limit": "-1",
                            "cpu_performance_counters_enabled": "false",
                            "cpu_reservation": "0",
                            "cpu_share_count": "2000",
                            "cpu_share_level": "normal",
                            "custom_attributes.%": "0",
                            "datastore_id": "datastore-233",
                            "default_ip_address": "10.237.198.171",
                            "disk.#": "5",
                            "disk.0.attach": "false",
                            "disk.0.datastore_id": "datastore-233",
                            "disk.0.device_address": "scsi:0:0",
                            "disk.0.disk_mode": "persistent",
                            "disk.0.disk_sharing": "sharingNone",
                            "disk.0.eagerly_scrub": "false",
                            "disk.0.io_limit": "-1",
                            "disk.0.io_reservation": "0",
                            "disk.0.io_share_count": "1000",
                            "disk.0.io_share_level": "normal",
                            "disk.0.keep_on_remove": "false",
                            "disk.0.key": "2000",
                            "disk.0.label": "disk0",
                            "disk.0.name": "",
                            "disk.0.path": "terraform-SIOSVM1/terraform-SIOSVM1.vmdk",
                            "disk.0.size": "40",
                            "disk.0.thin_provisioned": "false",
                            "disk.0.unit_number": "0",
                            "disk.0.uuid": "6000C291-f1f7-28a2-06ee-fd638ab646d5",
                            "disk.0.write_through": "false",
                            "disk.1.attach": "true",
                            "disk.1.datastore_id": "datastore-274",
                            "disk.1.device_address": "scsi:0:2",
                            "disk.1.disk_mode": "persistent",
                            "disk.1.disk_sharing": "sharingNone",
                            "disk.1.eagerly_scrub": "false",
                            "disk.1.io_limit": "-1",
                            "disk.1.io_reservation": "0",
                            "disk.1.io_share_count": "1000",
                            "disk.1.io_share_level": "normal",
                            "disk.1.keep_on_remove": "false",
                            "disk.1.key": "2002",
                            "disk.1.label": "disk1",
                            "disk.1.name": "",
                            "disk.1.path": "SDSvm1_Disk1.vmdk",
                            "disk.1.size": "0",
                            "disk.1.thin_provisioned": "true",
                            "disk.1.unit_number": "2",
                            "disk.1.uuid": "6000C296-ee0e-0147-eb59-30315f3ac8a5",
                            "disk.1.write_through": "false",
                            "disk.2.attach": "true",
                            "disk.2.datastore_id": "datastore-306",
                            "disk.2.device_address": "scsi:0:3",
                            "disk.2.disk_mode": "persistent",
                            "disk.2.disk_sharing": "sharingNone",
                            "disk.2.eagerly_scrub": "false",
                            "disk.2.io_limit": "-1",
                            "disk.2.io_reservation": "0",
                            "disk.2.io_share_count": "1000",
                            "disk.2.io_share_level": "normal",
                            "disk.2.keep_on_remove": "false",
                            "disk.2.key": "2003",
                            "disk.2.label": "disk2",
                            "disk.2.name": "",
                            "disk.2.path": "SDSvm1_Disk2.vmdk",
                            "disk.2.size": "0",
                            "disk.2.thin_provisioned": "true",
                            "disk.2.unit_number": "3",
                            "disk.2.uuid": "6000C29b-e6c7-4d78-9af5-92f4064d16a7",
                            "disk.2.write_through": "false",
                            "disk.3.attach": "true",
                            "disk.3.datastore_id": "datastore-308",
                            "disk.3.device_address": "scsi:0:4",
                            "disk.3.disk_mode": "persistent",
                            "disk.3.disk_sharing": "sharingNone",
                            "disk.3.eagerly_scrub": "false",
                            "disk.3.io_limit": "-1",
                            "disk.3.io_reservation": "0",
                            "disk.3.io_share_count": "1000",
                            "disk.3.io_share_level": "normal",
                            "disk.3.keep_on_remove": "false",
                            "disk.3.key": "2004",
                            "disk.3.label": "disk3",
                            "disk.3.name": "",
                            "disk.3.path": "SDSvm1_Disk3.vmdk",
                            "disk.3.size": "0",
                            "disk.3.thin_provisioned": "true",
                            "disk.3.unit_number": "4",
                            "disk.3.uuid": "6000C29f-539c-9f5d-29d4-2d8186560ae0",
                            "disk.3.write_through": "false",
                            "disk.4.attach": "true",
                            "disk.4.datastore_id": "datastore-314",
                            "disk.4.device_address": "scsi:0:5",
                            "disk.4.disk_mode": "persistent",
                            "disk.4.disk_sharing": "sharingNone",
                            "disk.4.eagerly_scrub": "false",
                            "disk.4.io_limit": "-1",
                            "disk.4.io_reservation": "0",
                            "disk.4.io_share_count": "1000",
                            "disk.4.io_share_level": "normal",
                            "disk.4.keep_on_remove": "false",
                            "disk.4.key": "2005",
                            "disk.4.label": "disk4",
                            "disk.4.name": "",
                            "disk.4.path": "SDSvm1_Disk4.vmdk",
                            "disk.4.size": "0",
                            "disk.4.thin_provisioned": "true",
                            "disk.4.unit_number": "5",
                            "disk.4.uuid": "6000C29e-ff3b-061f-a1d0-85fbd9685766",
                            "disk.4.write_through": "false",
                            "enable_disk_uuid": "false",
                            "enable_logging": "false",
                            "ept_rvi_mode": "automatic",
                            "extra_config.%": "0",
                            "firmware": "bios",
                            "folder": "",
                            "force_power_off": "true",
                            "guest_id": "centos64Guest",
                            "guest_ip_addresses.#": "6",
                            "guest_ip_addresses.0": "10.237.198.171",
                            "guest_ip_addresses.1": "192.168.10.201",
                            "guest_ip_addresses.2": "192.168.11.201",
                            "guest_ip_addresses.3": "fe80::250:56ff:fe99:d25f",
                            "guest_ip_addresses.4": "fe80::250:56ff:fe99:4556",
                            "guest_ip_addresses.5": "fe80::250:56ff:fe99:37dd",
                            "host_system_id": "host-232",
                            "hv_mode": "hvAuto",
                            "id": "4219a18f-fe0b-8b4b-932d-ce60f673c362",
                            "latency_sensitivity": "normal",
                            "memory": "1024",
                            "memory_hot_add_enabled": "false",
                            "memory_limit": "-1",
                            "memory_reservation": "0",
                            "memory_share_count": "10240",
                            "memory_share_level": "normal",
                            "migrate_wait_timeout": "30",
                            "moid": "vm-291",
                            "name": "terraform-SIOSVM1",
                            "nested_hv_enabled": "false",
                            "network_interface.#": "3",
                            "network_interface.0.adapter_type": "vmxnet3",
                            "network_interface.0.bandwidth_limit": "-1",
                            "network_interface.0.bandwidth_reservation": "0",
                            "network_interface.0.bandwidth_share_count": "50",
                            "network_interface.0.bandwidth_share_level": "normal",
                            "network_interface.0.device_address": "pci:0:7",
                            "network_interface.0.key": "4000",
                            "network_interface.0.mac_address": "00:50:56:99:d2:5f",
                            "network_interface.0.network_id": "dvportgroup-238",
                            "network_interface.0.use_static_mac": "false",
                            "network_interface.1.adapter_type": "vmxnet3",
                            "network_interface.1.bandwidth_limit": "-1",
                            "network_interface.1.bandwidth_reservation": "0",
                            "network_interface.1.bandwidth_share_count": "50",
                            "network_interface.1.bandwidth_share_level": "normal",
                            "network_interface.1.device_address": "pci:0:8",
                            "network_interface.1.key": "4001",
                            "network_interface.1.mac_address": "00:50:56:99:45:56",
                            "network_interface.1.network_id": "dvportgroup-239",
                            "network_interface.1.use_static_mac": "false",
                            "network_interface.2.adapter_type": "vmxnet3",
                            "network_interface.2.bandwidth_limit": "-1",
                            "network_interface.2.bandwidth_reservation": "0",
                            "network_interface.2.bandwidth_share_count": "50",
                            "network_interface.2.bandwidth_share_level": "normal",
                            "network_interface.2.device_address": "pci:0:9",
                            "network_interface.2.key": "4002",
                            "network_interface.2.mac_address": "00:50:56:99:37:dd",
                            "network_interface.2.network_id": "dvportgroup-240",
                            "network_interface.2.use_static_mac": "false",
                            "num_cores_per_socket": "1",
                            "num_cpus": "2",
                            "reboot_required": "false",
                            "resource_pool_id": "resgroup-228",
                            "run_tools_scripts_after_power_on": "true",
                            "run_tools_scripts_after_resume": "true",
                            "run_tools_scripts_before_guest_reboot": "false",
                            "run_tools_scripts_before_guest_shutdown": "true",
                            "run_tools_scripts_before_guest_standby": "true",
                            "scsi_bus_sharing": "noSharing",
                            "scsi_controller_count": "1",
                            "scsi_type": "pvscsi",
                            "shutdown_wait_timeout": "3",
                            "swap_placement_policy": "inherit",
                            "sync_time_with_host": "false",
                            "tags.#": "0",
                            "uuid": "4219a18f-fe0b-8b4b-932d-ce60f673c362",
                            "vapp_transport.#": "0",
                            "vmware_tools_status": "guestToolsRunning",
                            "vmx_path": "terraform-SIOSVM1/terraform-SIOSVM1.vmx",
                            "wait_for_guest_net_routable": "true",
                            "wait_for_guest_net_timeout": "5"
                        },
                        "meta": {
                            "schema_version": "3"
                        },
                        "tainted": false
                    },
                    "deposed": [],
                    "provider": "provider.vsphere"
                }
            },
            "depends_on": []
        },
        {
            "path": [
                "root",
                "SDSvm1_Disk1"
            ],
            "outputs": {
                "disk1_datastore_id": {
                    "sensitive": false,
                    "type": "string",
                    "value": "datastore-274"
                }
            },
            "resources": {
                "data.vsphere_datacenter.dc": {
                    "type": "vsphere_datacenter",
                    "depends_on": [],
                    "primary": {
                        "id": "datacenter-2",
                        "attributes": {
                            "id": "datacenter-2",
                            "name": "PacLabs"
                        },
                        "meta": {},
                        "tainted": false
                    },
                    "deposed": [],
                    "provider": "provider.vsphere"
                },
                "data.vsphere_datastore.datastore": {
                    "type": "vsphere_datastore",
                    "depends_on": [
                        "data.vsphere_datacenter.dc"
                    ],
                    "primary": {
                        "id": "datastore-274",
                        "attributes": {
                            "datacenter_id": "datacenter-2",
                            "id": "datastore-274",
                            "name": "PacLabs007-SIO-1"
                        },
                        "meta": {},
                        "tainted": false
                    },
                    "deposed": [],
                    "provider": "provider.vsphere"
                },
                "vsphere_virtual_disk.myDisk": {
                    "type": "vsphere_virtual_disk",
                    "depends_on": [],
                    "primary": {
                        "id": "SDSvm1_Disk1.vmdk",
                        "attributes": {
                            "adapter_type": "lsiLogic",
                            "datacenter": "PacLabs",
                            "datastore": "PacLabs007-SIO-1",
                            "id": "SDSvm1_Disk1.vmdk",
                            "size": "500",
                            "type": "thin",
                            "vmdk_path": "SDSvm1_Disk1.vmdk"
                        },
                        "meta": {},
                        "tainted": false
                    },
                    "deposed": [],
                    "provider": "provider.vsphere"
                }
            },
            "depends_on": []
        },
        {
            "path": [
                "root",
                "SDSvm1_Disk2"
            ],
            "outputs": {
                "disk1_datastore_id": {
                    "sensitive": false,
                    "type": "string",
                    "value": "datastore-306"
                }
            },
            "resources": {
                "data.vsphere_datacenter.dc": {
                    "type": "vsphere_datacenter",
                    "depends_on": [],
                    "primary": {
                        "id": "datacenter-2",
                        "attributes": {
                            "id": "datacenter-2",
                            "name": "PacLabs"
                        },
                        "meta": {},
                        "tainted": false
                    },
                    "deposed": [],
                    "provider": "provider.vsphere"
                },
                "data.vsphere_datastore.datastore": {
                    "type": "vsphere_datastore",
                    "depends_on": [
                        "data.vsphere_datacenter.dc"
                    ],
                    "primary": {
                        "id": "datastore-306",
                        "attributes": {
                            "datacenter_id": "datacenter-2",
                            "id": "datastore-306",
                            "name": "PacLabs007-SIO-2"
                        },
                        "meta": {},
                        "tainted": false
                    },
                    "deposed": [],
                    "provider": "provider.vsphere"
                },
                "vsphere_virtual_disk.myDisk": {
                    "type": "vsphere_virtual_disk",
                    "depends_on": [],
                    "primary": {
                        "id": "SDSvm1_Disk2.vmdk",
                        "attributes": {
                            "adapter_type": "lsiLogic",
                            "datacenter": "PacLabs",
                            "datastore": "PacLabs007-SIO-2",
                            "id": "SDSvm1_Disk2.vmdk",
                            "size": "500",
                            "type": "thin",
                            "vmdk_path": "SDSvm1_Disk2.vmdk"
                        },
                        "meta": {},
                        "tainted": false
                    },
                    "deposed": [],
                    "provider": "provider.vsphere"
                }
            },
            "depends_on": []
        },
        {
            "path": [
                "root",
                "SDSvm1_Disk3"
            ],
            "outputs": {
                "disk1_datastore_id": {
                    "sensitive": false,
                    "type": "string",
                    "value": "datastore-308"
                }
            },
            "resources": {
                "data.vsphere_datacenter.dc": {
                    "type": "vsphere_datacenter",
                    "depends_on": [],
                    "primary": {
                        "id": "datacenter-2",
                        "attributes": {
                            "id": "datacenter-2",
                            "name": "PacLabs"
                        },
                        "meta": {},
                        "tainted": false
                    },
                    "deposed": [],
                    "provider": "provider.vsphere"
                },
                "data.vsphere_datastore.datastore": {
                    "type": "vsphere_datastore",
                    "depends_on": [
                        "data.vsphere_datacenter.dc"
                    ],
                    "primary": {
                        "id": "datastore-308",
                        "attributes": {
                            "datacenter_id": "datacenter-2",
                            "id": "datastore-308",
                            "name": "PacLabs007-SIO-3"
                        },
                        "meta": {},
                        "tainted": false
                    },
                    "deposed": [],
                    "provider": "provider.vsphere"
                },
                "vsphere_virtual_disk.myDisk": {
                    "type": "vsphere_virtual_disk",
                    "depends_on": [],
                    "primary": {
                        "id": "SDSvm1_Disk3.vmdk",
                        "attributes": {
                            "adapter_type": "lsiLogic",
                            "datacenter": "PacLabs",
                            "datastore": "PacLabs007-SIO-3",
                            "id": "SDSvm1_Disk3.vmdk",
                            "size": "500",
                            "type": "thin",
                            "vmdk_path": "SDSvm1_Disk3.vmdk"
                        },
                        "meta": {},
                        "tainted": false
                    },
                    "deposed": [],
                    "provider": "provider.vsphere"
                }
            },
            "depends_on": []
        },
        {
            "path": [
                "root",
                "SDSvm1_Disk4"
            ],
            "outputs": {
                "disk1_datastore_id": {
                    "sensitive": false,
                    "type": "string",
                    "value": "datastore-314"
                }
            },
            "resources": {
                "data.vsphere_datacenter.dc": {
                    "type": "vsphere_datacenter",
                    "depends_on": [],
                    "primary": {
                        "id": "datacenter-2",
                        "attributes": {
                            "id": "datacenter-2",
                            "name": "PacLabs"
                        },
                        "meta": {},
                        "tainted": false
                    },
                    "deposed": [],
                    "provider": "provider.vsphere"
                },
                "data.vsphere_datastore.datastore": {
                    "type": "vsphere_datastore",
                    "depends_on": [
                        "data.vsphere_datacenter.dc"
                    ],
                    "primary": {
                        "id": "datastore-314",
                        "attributes": {
                            "datacenter_id": "datacenter-2",
                            "id": "datastore-314",
                            "name": "PacLabs007-SIO-4"
                        },
                        "meta": {},
                        "tainted": false
                    },
                    "deposed": [],
                    "provider": "provider.vsphere"
                },
                "vsphere_virtual_disk.myDisk": {
                    "type": "vsphere_virtual_disk",
                    "depends_on": [],
                    "primary": {
                        "id": "SDSvm1_Disk4.vmdk",
                        "attributes": {
                            "adapter_type": "lsiLogic",
                            "datacenter": "PacLabs",
                            "datastore": "PacLabs007-SIO-4",
                            "id": "SDSvm1_Disk4.vmdk",
                            "size": "500",
                            "type": "thin",
                            "vmdk_path": "SDSvm1_Disk4.vmdk"
                        },
                        "meta": {},
                        "tainted": false
                    },
                    "deposed": [],
                    "provider": "provider.vsphere"
                }
            },
            "depends_on": []
        },
        {
            "path": [
                "root",
                "SDSvm2"
            ],
            "outputs": {},
            "resources": {
                "data.vsphere_compute_cluster.cluster": {
                    "type": "vsphere_compute_cluster",
                    "depends_on": [
                        "data.vsphere_datacenter.dc"
                    ],
                    "primary": {
                        "id": "domain-c227",
                        "attributes": {
                            "datacenter_id": "datacenter-2",
                            "id": "domain-c227",
                            "name": "SIODev",
                            "resource_pool_id": "resgroup-228"
                        },
                        "meta": {},
                        "tainted": false
                    },
                    "deposed": [],
                    "provider": "provider.vsphere"
                },
                "data.vsphere_datacenter.dc": {
                    "type": "vsphere_datacenter",
                    "depends_on": [],
                    "primary": {
                        "id": "datacenter-2",
                        "attributes": {
                            "id": "datacenter-2",
                            "name": "PacLabs"
                        },
                        "meta": {},
                        "tainted": false
                    },
                    "deposed": [],
                    "provider": "provider.vsphere"
                },
                "data.vsphere_datastore.datastore": {
                    "type": "vsphere_datastore",
                    "depends_on": [
                        "data.vsphere_datacenter.dc"
                    ],
                    "primary": {
                        "id": "datastore-156",
                        "attributes": {
                            "datacenter_id": "datacenter-2",
                            "id": "datastore-156",
                            "name": "PacLabs008_Boot"
                        },
                        "meta": {},
                        "tainted": false
                    },
                    "deposed": [],
                    "provider": "provider.vsphere"
                },
                "data.vsphere_network.sio_pg1": {
                    "type": "vsphere_network",
                    "depends_on": [
                        "data.vsphere_datacenter.dc"
                    ],
                    "primary": {
                        "id": "dvportgroup-239",
                        "attributes": {
                            "datacenter_id": "datacenter-2",
                            "id": "dvportgroup-239",
                            "name": "siodev_sio_pg1",
                            "type": "DistributedVirtualPortgroup"
                        },
                        "meta": {},
                        "tainted": false
                    },
                    "deposed": [],
                    "provider": "provider.vsphere"
                },
                "data.vsphere_network.sio_pg2": {
                    "type": "vsphere_network",
                    "depends_on": [
                        "data.vsphere_datacenter.dc"
                    ],
                    "primary": {
                        "id": "dvportgroup-240",
                        "attributes": {
                            "datacenter_id": "datacenter-2",
                            "id": "dvportgroup-240",
                            "name": "siodev_sio_pg2",
                            "type": "DistributedVirtualPortgroup"
                        },
                        "meta": {},
                        "tainted": false
                    },
                    "deposed": [],
                    "provider": "provider.vsphere"
                },
                "data.vsphere_network.vlan344": {
                    "type": "vsphere_network",
                    "depends_on": [
                        "data.vsphere_datacenter.dc"
                    ],
                    "primary": {
                        "id": "dvportgroup-238",
                        "attributes": {
                            "datacenter_id": "datacenter-2",
                            "id": "dvportgroup-238",
                            "name": "siodev_pg_344",
                            "type": "DistributedVirtualPortgroup"
                        },
                        "meta": {},
                        "tainted": false
                    },
                    "deposed": [],
                    "provider": "provider.vsphere"
                },
                "data.vsphere_resource_pool.pool": {
                    "type": "vsphere_resource_pool",
                    "depends_on": [
                        "data.vsphere_datacenter.dc"
                    ],
                    "primary": {
                        "id": "resgroup-228",
                        "attributes": {
                            "datacenter_id": "datacenter-2",
                            "id": "resgroup-228",
                            "name": "SIODev/Resources"
                        },
                        "meta": {},
                        "tainted": false
                    },
                    "deposed": [],
                    "provider": "provider.vsphere"
                },
                "data.vsphere_virtual_machine.template": {
                    "type": "vsphere_virtual_machine",
                    "depends_on": [
                        "data.vsphere_datacenter.dc"
                    ],
                    "primary": {
                        "id": "42197bb9-b46e-28ab-9623-5e0e94d4fc04",
                        "attributes": {
                            "alternate_guest_name": "",
                            "datacenter_id": "datacenter-2",
                            "disks.#": "1",
                            "disks.0.eagerly_scrub": "false",
                            "disks.0.size": "40",
                            "disks.0.thin_provisioned": "false",
                            "firmware": "bios",
                            "guest_id": "centos64Guest",
                            "id": "42197bb9-b46e-28ab-9623-5e0e94d4fc04",
                            "name": "SIODev_CentOS7_Template",
                            "network_interface_types.#": "1",
                            "network_interface_types.0": "vmxnet3",
                            "scsi_bus_sharing": "noSharing",
                            "scsi_controller_scan_count": "1",
                            "scsi_type": "pvscsi"
                        },
                        "meta": {},
                        "tainted": false
                    },
                    "deposed": [],
                    "provider": "provider.vsphere"
                },
                "vsphere_virtual_machine.SDSvm": {
                    "type": "vsphere_virtual_machine",
                    "depends_on": [
                        "data.vsphere_compute_cluster.cluster",
                        "data.vsphere_datastore.datastore",
                        "data.vsphere_network.sio_pg1",
                        "data.vsphere_network.sio_pg2",
                        "data.vsphere_network.vlan344",
                        "data.vsphere_virtual_machine.template"
                    ],
                    "primary": {
                        "id": "42193c7e-508e-16bb-9045-202fb756e917",
                        "attributes": {
                            "alternate_guest_name": "",
                            "annotation": "",
                            "boot_delay": "0",
                            "boot_retry_delay": "10000",
                            "boot_retry_enabled": "false",
                            "cdrom.#": "0",
                            "change_version": "2019-02-13T18:42:51.992406Z",
                            "clone.#": "1",
                            "clone.0.customize.#": "1",
                            "clone.0.customize.0.dns_server_list.#": "2",
                            "clone.0.customize.0.dns_server_list.0": "10.237.198.254",
                            "clone.0.customize.0.dns_server_list.1": "10.201.16.29",
                            "clone.0.customize.0.dns_suffix_list.#": "0",
                            "clone.0.customize.0.ipv4_gateway": "10.237.198.1",
                            "clone.0.customize.0.ipv6_gateway": "",
                            "clone.0.customize.0.linux_options.#": "1",
                            "clone.0.customize.0.linux_options.0.domain": "pac.lab",
                            "clone.0.customize.0.linux_options.0.host_name": "terraform-SIOSVM2",
                            "clone.0.customize.0.linux_options.0.hw_clock_utc": "true",
                            "clone.0.customize.0.linux_options.0.time_zone": "",
                            "clone.0.customize.0.network_interface.#": "3",
                            "clone.0.customize.0.network_interface.0.dns_domain": "",
                            "clone.0.customize.0.network_interface.0.dns_server_list.#": "0",
                            "clone.0.customize.0.network_interface.0.ipv4_address": "10.237.198.172",
                            "clone.0.customize.0.network_interface.0.ipv4_netmask": "24",
                            "clone.0.customize.0.network_interface.0.ipv6_address": "",
                            "clone.0.customize.0.network_interface.0.ipv6_netmask": "0",
                            "clone.0.customize.0.network_interface.1.dns_domain": "",
                            "clone.0.customize.0.network_interface.1.dns_server_list.#": "0",
                            "clone.0.customize.0.network_interface.1.ipv4_address": "192.168.10.202",
                            "clone.0.customize.0.network_interface.1.ipv4_netmask": "24",
                            "clone.0.customize.0.network_interface.1.ipv6_address": "",
                            "clone.0.customize.0.network_interface.1.ipv6_netmask": "0",
                            "clone.0.customize.0.network_interface.2.dns_domain": "",
                            "clone.0.customize.0.network_interface.2.dns_server_list.#": "0",
                            "clone.0.customize.0.network_interface.2.ipv4_address": "192.168.11.202",
                            "clone.0.customize.0.network_interface.2.ipv4_netmask": "24",
                            "clone.0.customize.0.network_interface.2.ipv6_address": "",
                            "clone.0.customize.0.network_interface.2.ipv6_netmask": "0",
                            "clone.0.customize.0.timeout": "10",
                            "clone.0.customize.0.windows_options.#": "0",
                            "clone.0.customize.0.windows_sysprep_text": "",
                            "clone.0.linked_clone": "false",
                            "clone.0.template_uuid": "42197bb9-b46e-28ab-9623-5e0e94d4fc04",
                            "clone.0.timeout": "30",
                            "cpu_hot_add_enabled": "false",
                            "cpu_hot_remove_enabled": "false",
                            "cpu_limit": "-1",
                            "cpu_performance_counters_enabled": "false",
                            "cpu_reservation": "0",
                            "cpu_share_count": "2000",
                            "cpu_share_level": "normal",
                            "custom_attributes.%": "0",
                            "datastore_id": "datastore-156",
                            "default_ip_address": "10.237.198.172",
                            "disk.#": "5",
                            "disk.0.attach": "false",
                            "disk.0.datastore_id": "datastore-156",
                            "disk.0.device_address": "scsi:0:0",
                            "disk.0.disk_mode": "persistent",
                            "disk.0.disk_sharing": "sharingNone",
                            "disk.0.eagerly_scrub": "false",
                            "disk.0.io_limit": "-1",
                            "disk.0.io_reservation": "0",
                            "disk.0.io_share_count": "1000",
                            "disk.0.io_share_level": "normal",
                            "disk.0.keep_on_remove": "false",
                            "disk.0.key": "2000",
                            "disk.0.label": "disk0",
                            "disk.0.name": "",
                            "disk.0.path": "terraform-SIOSVM2/terraform-SIOSVM2.vmdk",
                            "disk.0.size": "40",
                            "disk.0.thin_provisioned": "false",
                            "disk.0.unit_number": "0",
                            "disk.0.uuid": "6000C291-f1f7-28a2-06ee-fd638ab646d5",
                            "disk.0.write_through": "false",
                            "disk.1.attach": "true",
                            "disk.1.datastore_id": "datastore-221",
                            "disk.1.device_address": "scsi:0:2",
                            "disk.1.disk_mode": "persistent",
                            "disk.1.disk_sharing": "sharingNone",
                            "disk.1.eagerly_scrub": "false",
                            "disk.1.io_limit": "-1",
                            "disk.1.io_reservation": "0",
                            "disk.1.io_share_count": "1000",
                            "disk.1.io_share_level": "normal",
                            "disk.1.keep_on_remove": "false",
                            "disk.1.key": "2002",
                            "disk.1.label": "disk1",
                            "disk.1.name": "",
                            "disk.1.path": "SDSvm2_Disk1.vmdk",
                            "disk.1.size": "0",
                            "disk.1.thin_provisioned": "true",
                            "disk.1.unit_number": "2",
                            "disk.1.uuid": "6000C29a-1666-2a55-71c5-42e12226c220",
                            "disk.1.write_through": "false",
                            "disk.2.attach": "true",
                            "disk.2.datastore_id": "datastore-309",
                            "disk.2.device_address": "scsi:0:3",
                            "disk.2.disk_mode": "persistent",
                            "disk.2.disk_sharing": "sharingNone",
                            "disk.2.eagerly_scrub": "false",
                            "disk.2.io_limit": "-1",
                            "disk.2.io_reservation": "0",
                            "disk.2.io_share_count": "1000",
                            "disk.2.io_share_level": "normal",
                            "disk.2.keep_on_remove": "false",
                            "disk.2.key": "2003",
                            "disk.2.label": "disk2",
                            "disk.2.name": "",
                            "disk.2.path": "SDSvm2_Disk2.vmdk",
                            "disk.2.size": "0",
                            "disk.2.thin_provisioned": "true",
                            "disk.2.unit_number": "3",
                            "disk.2.uuid": "6000C29c-3f60-deff-b318-8cbfe0f0b74c",
                            "disk.2.write_through": "false",
                            "disk.3.attach": "true",
                            "disk.3.datastore_id": "datastore-309",
                            "disk.3.device_address": "scsi:0:4",
                            "disk.3.disk_mode": "persistent",
                            "disk.3.disk_sharing": "sharingNone",
                            "disk.3.eagerly_scrub": "false",
                            "disk.3.io_limit": "-1",
                            "disk.3.io_reservation": "0",
                            "disk.3.io_share_count": "1000",
                            "disk.3.io_share_level": "normal",
                            "disk.3.keep_on_remove": "false",
                            "disk.3.key": "2004",
                            "disk.3.label": "disk3",
                            "disk.3.name": "",
                            "disk.3.path": "SDSvm2_Disk3.vmdk",
                            "disk.3.size": "0",
                            "disk.3.thin_provisioned": "true",
                            "disk.3.unit_number": "4",
                            "disk.3.uuid": "6000C292-a23f-23c3-a37d-3d0ffb6977ab",
                            "disk.3.write_through": "false",
                            "disk.4.attach": "true",
                            "disk.4.datastore_id": "datastore-313",
                            "disk.4.device_address": "scsi:0:5",
                            "disk.4.disk_mode": "persistent",
                            "disk.4.disk_sharing": "sharingNone",
                            "disk.4.eagerly_scrub": "false",
                            "disk.4.io_limit": "-1",
                            "disk.4.io_reservation": "0",
                            "disk.4.io_share_count": "1000",
                            "disk.4.io_share_level": "normal",
                            "disk.4.keep_on_remove": "false",
                            "disk.4.key": "2005",
                            "disk.4.label": "disk4",
                            "disk.4.name": "",
                            "disk.4.path": "SDSvm2_Disk4.vmdk",
                            "disk.4.size": "0",
                            "disk.4.thin_provisioned": "true",
                            "disk.4.unit_number": "5",
                            "disk.4.uuid": "6000C29d-72a8-f2a1-202d-19034dec4eb0",
                            "disk.4.write_through": "false",
                            "enable_disk_uuid": "false",
                            "enable_logging": "false",
                            "ept_rvi_mode": "automatic",
                            "extra_config.%": "0",
                            "firmware": "bios",
                            "folder": "",
                            "force_power_off": "true",
                            "guest_id": "centos64Guest",
                            "guest_ip_addresses.#": "6",
                            "guest_ip_addresses.0": "10.237.198.172",
                            "guest_ip_addresses.1": "192.168.10.202",
                            "guest_ip_addresses.2": "192.168.11.202",
                            "guest_ip_addresses.3": "fe80::250:56ff:fe99:2fd7",
                            "guest_ip_addresses.4": "fe80::250:56ff:fe99:906c",
                            "guest_ip_addresses.5": "fe80::250:56ff:fe99:1333",
                            "host_system_id": "host-155",
                            "hv_mode": "hvAuto",
                            "id": "42193c7e-508e-16bb-9045-202fb756e917",
                            "latency_sensitivity": "normal",
                            "memory": "1024",
                            "memory_hot_add_enabled": "false",
                            "memory_limit": "-1",
                            "memory_reservation": "0",
                            "memory_share_count": "10240",
                            "memory_share_level": "normal",
                            "migrate_wait_timeout": "30",
                            "moid": "vm-292",
                            "name": "terraform-SIOSVM2",
                            "nested_hv_enabled": "false",
                            "network_interface.#": "3",
                            "network_interface.0.adapter_type": "vmxnet3",
                            "network_interface.0.bandwidth_limit": "-1",
                            "network_interface.0.bandwidth_reservation": "0",
                            "network_interface.0.bandwidth_share_count": "50",
                            "network_interface.0.bandwidth_share_level": "normal",
                            "network_interface.0.device_address": "pci:0:7",
                            "network_interface.0.key": "4000",
                            "network_interface.0.mac_address": "00:50:56:99:2f:d7",
                            "network_interface.0.network_id": "dvportgroup-238",
                            "network_interface.0.use_static_mac": "false",
                            "network_interface.1.adapter_type": "vmxnet3",
                            "network_interface.1.bandwidth_limit": "-1",
                            "network_interface.1.bandwidth_reservation": "0",
                            "network_interface.1.bandwidth_share_count": "50",
                            "network_interface.1.bandwidth_share_level": "normal",
                            "network_interface.1.device_address": "pci:0:8",
                            "network_interface.1.key": "4001",
                            "network_interface.1.mac_address": "00:50:56:99:90:6c",
                            "network_interface.1.network_id": "dvportgroup-239",
                            "network_interface.1.use_static_mac": "false",
                            "network_interface.2.adapter_type": "vmxnet3",
                            "network_interface.2.bandwidth_limit": "-1",
                            "network_interface.2.bandwidth_reservation": "0",
                            "network_interface.2.bandwidth_share_count": "50",
                            "network_interface.2.bandwidth_share_level": "normal",
                            "network_interface.2.device_address": "pci:0:9",
                            "network_interface.2.key": "4002",
                            "network_interface.2.mac_address": "00:50:56:99:13:33",
                            "network_interface.2.network_id": "dvportgroup-240",
                            "network_interface.2.use_static_mac": "false",
                            "num_cores_per_socket": "1",
                            "num_cpus": "2",
                            "reboot_required": "false",
                            "resource_pool_id": "resgroup-228",
                            "run_tools_scripts_after_power_on": "true",
                            "run_tools_scripts_after_resume": "true",
                            "run_tools_scripts_before_guest_reboot": "false",
                            "run_tools_scripts_before_guest_shutdown": "true",
                            "run_tools_scripts_before_guest_standby": "true",
                            "scsi_bus_sharing": "noSharing",
                            "scsi_controller_count": "1",
                            "scsi_type": "pvscsi",
                            "shutdown_wait_timeout": "3",
                            "swap_placement_policy": "inherit",
                            "sync_time_with_host": "false",
                            "tags.#": "0",
                            "uuid": "42193c7e-508e-16bb-9045-202fb756e917",
                            "vapp_transport.#": "0",
                            "vmware_tools_status": "guestToolsRunning",
                            "vmx_path": "terraform-SIOSVM2/terraform-SIOSVM2.vmx",
                            "wait_for_guest_net_routable": "true",
                            "wait_for_guest_net_timeout": "5"
                        },
                        "meta": {
                            "schema_version": "3"
                        },
                        "tainted": false
                    },
                    "deposed": [],
                    "provider": "provider.vsphere"
                }
            },
            "depends_on": []
        },
        {
            "path": [
                "root",
                "SDSvm2_Disk1"
            ],
            "outputs": {
                "disk1_datastore_id": {
                    "sensitive": false,
                    "type": "string",
                    "value": "datastore-221"
                }
            },
            "resources": {
                "data.vsphere_datacenter.dc": {
                    "type": "vsphere_datacenter",
                    "depends_on": [],
                    "primary": {
                        "id": "datacenter-2",
                        "attributes": {
                            "id": "datacenter-2",
                            "name": "PacLabs"
                        },
                        "meta": {},
                        "tainted": false
                    },
                    "deposed": [],
                    "provider": "provider.vsphere"
                },
                "data.vsphere_datastore.datastore": {
                    "type": "vsphere_datastore",
                    "depends_on": [
                        "data.vsphere_datacenter.dc"
                    ],
                    "primary": {
                        "id": "datastore-221",
                        "attributes": {
                            "datacenter_id": "datacenter-2",
                            "id": "datastore-221",
                            "name": "PacLabs008-SIO-1"
                        },
                        "meta": {},
                        "tainted": false
                    },
                    "deposed": [],
                    "provider": "provider.vsphere"
                },
                "vsphere_virtual_disk.myDisk": {
                    "type": "vsphere_virtual_disk",
                    "depends_on": [],
                    "primary": {
                        "id": "SDSvm2_Disk1.vmdk",
                        "attributes": {
                            "adapter_type": "lsiLogic",
                            "datacenter": "PacLabs",
                            "datastore": "PacLabs008-SIO-1",
                            "id": "SDSvm2_Disk1.vmdk",
                            "size": "500",
                            "type": "thin",
                            "vmdk_path": "SDSvm2_Disk1.vmdk"
                        },
                        "meta": {},
                        "tainted": false
                    },
                    "deposed": [],
                    "provider": "provider.vsphere"
                }
            },
            "depends_on": []
        },
        {
            "path": [
                "root",
                "SDSvm2_Disk2"
            ],
            "outputs": {
                "disk1_datastore_id": {
                    "sensitive": false,
                    "type": "string",
                    "value": "datastore-309"
                }
            },
            "resources": {
                "data.vsphere_datacenter.dc": {
                    "type": "vsphere_datacenter",
                    "depends_on": [],
                    "primary": {
                        "id": "datacenter-2",
                        "attributes": {
                            "id": "datacenter-2",
                            "name": "PacLabs"
                        },
                        "meta": {},
                        "tainted": false
                    },
                    "deposed": [],
                    "provider": "provider.vsphere"
                },
                "data.vsphere_datastore.datastore": {
                    "type": "vsphere_datastore",
                    "depends_on": [
                        "data.vsphere_datacenter.dc"
                    ],
                    "primary": {
                        "id": "datastore-309",
                        "attributes": {
                            "datacenter_id": "datacenter-2",
                            "id": "datastore-309",
                            "name": "PacLabs008-SIO-3"
                        },
                        "meta": {},
                        "tainted": false
                    },
                    "deposed": [],
                    "provider": "provider.vsphere"
                },
                "vsphere_virtual_disk.myDisk": {
                    "type": "vsphere_virtual_disk",
                    "depends_on": [],
                    "primary": {
                        "id": "SDSvm2_Disk2.vmdk",
                        "attributes": {
                            "adapter_type": "lsiLogic",
                            "datacenter": "PacLabs",
                            "datastore": "PacLabs008-SIO-3",
                            "id": "SDSvm2_Disk2.vmdk",
                            "size": "500",
                            "type": "thin",
                            "vmdk_path": "SDSvm2_Disk2.vmdk"
                        },
                        "meta": {},
                        "tainted": false
                    },
                    "deposed": [],
                    "provider": "provider.vsphere"
                }
            },
            "depends_on": []
        },
        {
            "path": [
                "root",
                "SDSvm2_Disk3"
            ],
            "outputs": {
                "disk1_datastore_id": {
                    "sensitive": false,
                    "type": "string",
                    "value": "datastore-309"
                }
            },
            "resources": {
                "data.vsphere_datacenter.dc": {
                    "type": "vsphere_datacenter",
                    "depends_on": [],
                    "primary": {
                        "id": "datacenter-2",
                        "attributes": {
                            "id": "datacenter-2",
                            "name": "PacLabs"
                        },
                        "meta": {},
                        "tainted": false
                    },
                    "deposed": [],
                    "provider": "provider.vsphere"
                },
                "data.vsphere_datastore.datastore": {
                    "type": "vsphere_datastore",
                    "depends_on": [
                        "data.vsphere_datacenter.dc"
                    ],
                    "primary": {
                        "id": "datastore-309",
                        "attributes": {
                            "datacenter_id": "datacenter-2",
                            "id": "datastore-309",
                            "name": "PacLabs008-SIO-3"
                        },
                        "meta": {},
                        "tainted": false
                    },
                    "deposed": [],
                    "provider": "provider.vsphere"
                },
                "vsphere_virtual_disk.myDisk": {
                    "type": "vsphere_virtual_disk",
                    "depends_on": [],
                    "primary": {
                        "id": "SDSvm2_Disk3.vmdk",
                        "attributes": {
                            "adapter_type": "lsiLogic",
                            "datacenter": "PacLabs",
                            "datastore": "PacLabs008-SIO-3",
                            "id": "SDSvm2_Disk3.vmdk",
                            "size": "500",
                            "type": "thin",
                            "vmdk_path": "SDSvm2_Disk3.vmdk"
                        },
                        "meta": {},
                        "tainted": false
                    },
                    "deposed": [],
                    "provider": "provider.vsphere"
                }
            },
            "depends_on": []
        },
        {
            "path": [
                "root",
                "SDSvm2_Disk4"
            ],
            "outputs": {
                "disk1_datastore_id": {
                    "sensitive": false,
                    "type": "string",
                    "value": "datastore-313"
                }
            },
            "resources": {
                "data.vsphere_datacenter.dc": {
                    "type": "vsphere_datacenter",
                    "depends_on": [],
                    "primary": {
                        "id": "datacenter-2",
                        "attributes": {
                            "id": "datacenter-2",
                            "name": "PacLabs"
                        },
                        "meta": {},
                        "tainted": false
                    },
                    "deposed": [],
                    "provider": "provider.vsphere"
                },
                "data.vsphere_datastore.datastore": {
                    "type": "vsphere_datastore",
                    "depends_on": [
                        "data.vsphere_datacenter.dc"
                    ],
                    "primary": {
                        "id": "datastore-313",
                        "attributes": {
                            "datacenter_id": "datacenter-2",
                            "id": "datastore-313",
                            "name": "PacLabs008-SIO-4"
                        },
                        "meta": {},
                        "tainted": false
                    },
                    "deposed": [],
                    "provider": "provider.vsphere"
                },
                "vsphere_virtual_disk.myDisk": {
                    "type": "vsphere_virtual_disk",
                    "depends_on": [],
                    "primary": {
                        "id": "SDSvm2_Disk4.vmdk",
                        "attributes": {
                            "adapter_type": "lsiLogic",
                            "datacenter": "PacLabs",
                            "datastore": "PacLabs008-SIO-4",
                            "id": "SDSvm2_Disk4.vmdk",
                            "size": "500",
                            "type": "thin",
                            "vmdk_path": "SDSvm2_Disk4.vmdk"
                        },
                        "meta": {},
                        "tainted": false
                    },
                    "deposed": [],
                    "provider": "provider.vsphere"
                }
            },
            "depends_on": []
        },
        {
            "path": [
                "root",
                "SDSvm3"
            ],
            "outputs": {},
            "resources": {
                "data.vsphere_compute_cluster.cluster": {
                    "type": "vsphere_compute_cluster",
                    "depends_on": [
                        "data.vsphere_datacenter.dc"
                    ],
                    "primary": {
                        "id": "domain-c227",
                        "attributes": {
                            "datacenter_id": "datacenter-2",
                            "id": "domain-c227",
                            "name": "SIODev",
                            "resource_pool_id": "resgroup-228"
                        },
                        "meta": {},
                        "tainted": false
                    },
                    "deposed": [],
                    "provider": "provider.vsphere"
                },
                "data.vsphere_datacenter.dc": {
                    "type": "vsphere_datacenter",
                    "depends_on": [],
                    "primary": {
                        "id": "datacenter-2",
                        "attributes": {
                            "id": "datacenter-2",
                            "name": "PacLabs"
                        },
                        "meta": {},
                        "tainted": false
                    },
                    "deposed": [],
                    "provider": "provider.vsphere"
                },
                "data.vsphere_datastore.datastore": {
                    "type": "vsphere_datastore",
                    "depends_on": [
                        "data.vsphere_datacenter.dc"
                    ],
                    "primary": {
                        "id": "datastore-235",
                        "attributes": {
                            "datacenter_id": "datacenter-2",
                            "id": "datastore-235",
                            "name": "PacLabs009_Boot"
                        },
                        "meta": {},
                        "tainted": false
                    },
                    "deposed": [],
                    "provider": "provider.vsphere"
                },
                "data.vsphere_network.sio_pg1": {
                    "type": "vsphere_network",
                    "depends_on": [
                        "data.vsphere_datacenter.dc"
                    ],
                    "primary": {
                        "id": "dvportgroup-239",
                        "attributes": {
                            "datacenter_id": "datacenter-2",
                            "id": "dvportgroup-239",
                            "name": "siodev_sio_pg1",
                            "type": "DistributedVirtualPortgroup"
                        },
                        "meta": {},
                        "tainted": false
                    },
                    "deposed": [],
                    "provider": "provider.vsphere"
                },
                "data.vsphere_network.sio_pg2": {
                    "type": "vsphere_network",
                    "depends_on": [
                        "data.vsphere_datacenter.dc"
                    ],
                    "primary": {
                        "id": "dvportgroup-240",
                        "attributes": {
                            "datacenter_id": "datacenter-2",
                            "id": "dvportgroup-240",
                            "name": "siodev_sio_pg2",
                            "type": "DistributedVirtualPortgroup"
                        },
                        "meta": {},
                        "tainted": false
                    },
                    "deposed": [],
                    "provider": "provider.vsphere"
                },
                "data.vsphere_network.vlan344": {
                    "type": "vsphere_network",
                    "depends_on": [
                        "data.vsphere_datacenter.dc"
                    ],
                    "primary": {
                        "id": "dvportgroup-238",
                        "attributes": {
                            "datacenter_id": "datacenter-2",
                            "id": "dvportgroup-238",
                            "name": "siodev_pg_344",
                            "type": "DistributedVirtualPortgroup"
                        },
                        "meta": {},
                        "tainted": false
                    },
                    "deposed": [],
                    "provider": "provider.vsphere"
                },
                "data.vsphere_resource_pool.pool": {
                    "type": "vsphere_resource_pool",
                    "depends_on": [
                        "data.vsphere_datacenter.dc"
                    ],
                    "primary": {
                        "id": "resgroup-228",
                        "attributes": {
                            "datacenter_id": "datacenter-2",
                            "id": "resgroup-228",
                            "name": "SIODev/Resources"
                        },
                        "meta": {},
                        "tainted": false
                    },
                    "deposed": [],
                    "provider": "provider.vsphere"
                },
                "data.vsphere_virtual_machine.template": {
                    "type": "vsphere_virtual_machine",
                    "depends_on": [
                        "data.vsphere_datacenter.dc"
                    ],
                    "primary": {
                        "id": "42197bb9-b46e-28ab-9623-5e0e94d4fc04",
                        "attributes": {
                            "alternate_guest_name": "",
                            "datacenter_id": "datacenter-2",
                            "disks.#": "1",
                            "disks.0.eagerly_scrub": "false",
                            "disks.0.size": "40",
                            "disks.0.thin_provisioned": "false",
                            "firmware": "bios",
                            "guest_id": "centos64Guest",
                            "id": "42197bb9-b46e-28ab-9623-5e0e94d4fc04",
                            "name": "SIODev_CentOS7_Template",
                            "network_interface_types.#": "1",
                            "network_interface_types.0": "vmxnet3",
                            "scsi_bus_sharing": "noSharing",
                            "scsi_controller_scan_count": "1",
                            "scsi_type": "pvscsi"
                        },
                        "meta": {},
                        "tainted": false
                    },
                    "deposed": [],
                    "provider": "provider.vsphere"
                },
                "vsphere_virtual_machine.SDSvm": {
                    "type": "vsphere_virtual_machine",
                    "depends_on": [
                        "data.vsphere_compute_cluster.cluster",
                        "data.vsphere_datastore.datastore",
                        "data.vsphere_network.sio_pg1",
                        "data.vsphere_network.sio_pg2",
                        "data.vsphere_network.vlan344",
                        "data.vsphere_virtual_machine.template"
                    ],
                    "primary": {
                        "id": "4219d29e-5af9-98d5-5b0a-7806ae181710",
                        "attributes": {
                            "alternate_guest_name": "",
                            "annotation": "",
                            "boot_delay": "0",
                            "boot_retry_delay": "10000",
                            "boot_retry_enabled": "false",
                            "cdrom.#": "0",
                            "change_version": "2019-02-13T19:03:04.052587Z",
                            "clone.#": "1",
                            "clone.0.customize.#": "1",
                            "clone.0.customize.0.dns_server_list.#": "2",
                            "clone.0.customize.0.dns_server_list.0": "10.237.198.254",
                            "clone.0.customize.0.dns_server_list.1": "10.201.16.29",
                            "clone.0.customize.0.dns_suffix_list.#": "0",
                            "clone.0.customize.0.ipv4_gateway": "10.237.198.1",
                            "clone.0.customize.0.ipv6_gateway": "",
                            "clone.0.customize.0.linux_options.#": "1",
                            "clone.0.customize.0.linux_options.0.domain": "pac.lab",
                            "clone.0.customize.0.linux_options.0.host_name": "terraform-SIOSVM3",
                            "clone.0.customize.0.linux_options.0.hw_clock_utc": "true",
                            "clone.0.customize.0.linux_options.0.time_zone": "",
                            "clone.0.customize.0.network_interface.#": "3",
                            "clone.0.customize.0.network_interface.0.dns_domain": "",
                            "clone.0.customize.0.network_interface.0.dns_server_list.#": "0",
                            "clone.0.customize.0.network_interface.0.ipv4_address": "10.237.198.173",
                            "clone.0.customize.0.network_interface.0.ipv4_netmask": "24",
                            "clone.0.customize.0.network_interface.0.ipv6_address": "",
                            "clone.0.customize.0.network_interface.0.ipv6_netmask": "0",
                            "clone.0.customize.0.network_interface.1.dns_domain": "",
                            "clone.0.customize.0.network_interface.1.dns_server_list.#": "0",
                            "clone.0.customize.0.network_interface.1.ipv4_address": "192.168.10.203",
                            "clone.0.customize.0.network_interface.1.ipv4_netmask": "24",
                            "clone.0.customize.0.network_interface.1.ipv6_address": "",
                            "clone.0.customize.0.network_interface.1.ipv6_netmask": "0",
                            "clone.0.customize.0.network_interface.2.dns_domain": "",
                            "clone.0.customize.0.network_interface.2.dns_server_list.#": "0",
                            "clone.0.customize.0.network_interface.2.ipv4_address": "192.168.11.203",
                            "clone.0.customize.0.network_interface.2.ipv4_netmask": "24",
                            "clone.0.customize.0.network_interface.2.ipv6_address": "",
                            "clone.0.customize.0.network_interface.2.ipv6_netmask": "0",
                            "clone.0.customize.0.timeout": "10",
                            "clone.0.customize.0.windows_options.#": "0",
                            "clone.0.customize.0.windows_sysprep_text": "",
                            "clone.0.linked_clone": "false",
                            "clone.0.template_uuid": "42197bb9-b46e-28ab-9623-5e0e94d4fc04",
                            "clone.0.timeout": "30",
                            "cpu_hot_add_enabled": "false",
                            "cpu_hot_remove_enabled": "false",
                            "cpu_limit": "-1",
                            "cpu_performance_counters_enabled": "false",
                            "cpu_reservation": "0",
                            "cpu_share_count": "2000",
                            "cpu_share_level": "normal",
                            "custom_attributes.%": "0",
                            "datastore_id": "datastore-235",
                            "default_ip_address": "10.237.198.173",
                            "disk.#": "5",
                            "disk.0.attach": "false",
                            "disk.0.datastore_id": "datastore-235",
                            "disk.0.device_address": "scsi:0:0",
                            "disk.0.disk_mode": "persistent",
                            "disk.0.disk_sharing": "sharingNone",
                            "disk.0.eagerly_scrub": "false",
                            "disk.0.io_limit": "-1",
                            "disk.0.io_reservation": "0",
                            "disk.0.io_share_count": "1000",
                            "disk.0.io_share_level": "normal",
                            "disk.0.keep_on_remove": "false",
                            "disk.0.key": "2000",
                            "disk.0.label": "disk0",
                            "disk.0.name": "",
                            "disk.0.path": "terraform-SIOSVM3/terraform-SIOSVM3.vmdk",
                            "disk.0.size": "40",
                            "disk.0.thin_provisioned": "false",
                            "disk.0.unit_number": "0",
                            "disk.0.uuid": "6000C299-d8fb-d78f-3746-7b69419b7e8b",
                            "disk.0.write_through": "false",
                            "disk.1.attach": "true",
                            "disk.1.datastore_id": "datastore-248",
                            "disk.1.device_address": "scsi:0:2",
                            "disk.1.disk_mode": "persistent",
                            "disk.1.disk_sharing": "sharingNone",
                            "disk.1.eagerly_scrub": "false",
                            "disk.1.io_limit": "-1",
                            "disk.1.io_reservation": "0",
                            "disk.1.io_share_count": "1000",
                            "disk.1.io_share_level": "normal",
                            "disk.1.keep_on_remove": "false",
                            "disk.1.key": "2002",
                            "disk.1.label": "disk1",
                            "disk.1.name": "",
                            "disk.1.path": "SDSvm3_Disk1.vmdk",
                            "disk.1.size": "0",
                            "disk.1.thin_provisioned": "true",
                            "disk.1.unit_number": "2",
                            "disk.1.uuid": "6000C29a-c279-1aa1-fbc4-5d3f51783e87",
                            "disk.1.write_through": "false",
                            "disk.2.attach": "true",
                            "disk.2.datastore_id": "datastore-249",
                            "disk.2.device_address": "scsi:0:3",
                            "disk.2.disk_mode": "persistent",
                            "disk.2.disk_sharing": "sharingNone",
                            "disk.2.eagerly_scrub": "false",
                            "disk.2.io_limit": "-1",
                            "disk.2.io_reservation": "0",
                            "disk.2.io_share_count": "1000",
                            "disk.2.io_share_level": "normal",
                            "disk.2.keep_on_remove": "false",
                            "disk.2.key": "2003",
                            "disk.2.label": "disk2",
                            "disk.2.name": "",
                            "disk.2.path": "SDSvm3_Disk2.vmdk",
                            "disk.2.size": "0",
                            "disk.2.thin_provisioned": "true",
                            "disk.2.unit_number": "3",
                            "disk.2.uuid": "6000C297-faf0-d070-1782-944a42393320",
                            "disk.2.write_through": "false",
                            "disk.3.attach": "true",
                            "disk.3.datastore_id": "datastore-310",
                            "disk.3.device_address": "scsi:0:4",
                            "disk.3.disk_mode": "persistent",
                            "disk.3.disk_sharing": "sharingNone",
                            "disk.3.eagerly_scrub": "false",
                            "disk.3.io_limit": "-1",
                            "disk.3.io_reservation": "0",
                            "disk.3.io_share_count": "1000",
                            "disk.3.io_share_level": "normal",
                            "disk.3.keep_on_remove": "false",
                            "disk.3.key": "2004",
                            "disk.3.label": "disk3",
                            "disk.3.name": "",
                            "disk.3.path": "SDSvm3_Disk3.vmdk",
                            "disk.3.size": "0",
                            "disk.3.thin_provisioned": "true",
                            "disk.3.unit_number": "4",
                            "disk.3.uuid": "6000C29b-9011-662a-f007-f3b63b35aa18",
                            "disk.3.write_through": "false",
                            "disk.4.attach": "true",
                            "disk.4.datastore_id": "datastore-312",
                            "disk.4.device_address": "scsi:0:5",
                            "disk.4.disk_mode": "persistent",
                            "disk.4.disk_sharing": "sharingNone",
                            "disk.4.eagerly_scrub": "false",
                            "disk.4.io_limit": "-1",
                            "disk.4.io_reservation": "0",
                            "disk.4.io_share_count": "1000",
                            "disk.4.io_share_level": "normal",
                            "disk.4.keep_on_remove": "false",
                            "disk.4.key": "2005",
                            "disk.4.label": "disk4",
                            "disk.4.name": "",
                            "disk.4.path": "SDSvm3_Disk4.vmdk",
                            "disk.4.size": "0",
                            "disk.4.thin_provisioned": "true",
                            "disk.4.unit_number": "5",
                            "disk.4.uuid": "6000C297-3034-020b-c1c3-debdce5e897d",
                            "disk.4.write_through": "false",
                            "enable_disk_uuid": "false",
                            "enable_logging": "false",
                            "ept_rvi_mode": "automatic",
                            "extra_config.%": "0",
                            "firmware": "bios",
                            "folder": "",
                            "force_power_off": "true",
                            "guest_id": "centos64Guest",
                            "guest_ip_addresses.#": "6",
                            "guest_ip_addresses.0": "10.237.198.173",
                            "guest_ip_addresses.1": "192.168.10.203",
                            "guest_ip_addresses.2": "192.168.11.203",
                            "guest_ip_addresses.3": "fe80::250:56ff:fe99:4451",
                            "guest_ip_addresses.4": "fe80::250:56ff:fe99:e670",
                            "guest_ip_addresses.5": "fe80::250:56ff:fe99:4e30",
                            "host_system_id": "host-234",
                            "hv_mode": "hvAuto",
                            "id": "4219d29e-5af9-98d5-5b0a-7806ae181710",
                            "latency_sensitivity": "normal",
                            "memory": "1024",
                            "memory_hot_add_enabled": "false",
                            "memory_limit": "-1",
                            "memory_reservation": "0",
                            "memory_share_count": "10240",
                            "memory_share_level": "normal",
                            "migrate_wait_timeout": "30",
                            "moid": "vm-293",
                            "name": "terraform-SIOSVM3",
                            "nested_hv_enabled": "false",
                            "network_interface.#": "3",
                            "network_interface.0.adapter_type": "vmxnet3",
                            "network_interface.0.bandwidth_limit": "-1",
                            "network_interface.0.bandwidth_reservation": "0",
                            "network_interface.0.bandwidth_share_count": "50",
                            "network_interface.0.bandwidth_share_level": "normal",
                            "network_interface.0.device_address": "pci:0:7",
                            "network_interface.0.key": "4000",
                            "network_interface.0.mac_address": "00:50:56:99:44:51",
                            "network_interface.0.network_id": "dvportgroup-238",
                            "network_interface.0.use_static_mac": "false",
                            "network_interface.1.adapter_type": "vmxnet3",
                            "network_interface.1.bandwidth_limit": "-1",
                            "network_interface.1.bandwidth_reservation": "0",
                            "network_interface.1.bandwidth_share_count": "50",
                            "network_interface.1.bandwidth_share_level": "normal",
                            "network_interface.1.device_address": "pci:0:8",
                            "network_interface.1.key": "4001",
                            "network_interface.1.mac_address": "00:50:56:99:e6:70",
                            "network_interface.1.network_id": "dvportgroup-239",
                            "network_interface.1.use_static_mac": "false",
                            "network_interface.2.adapter_type": "vmxnet3",
                            "network_interface.2.bandwidth_limit": "-1",
                            "network_interface.2.bandwidth_reservation": "0",
                            "network_interface.2.bandwidth_share_count": "50",
                            "network_interface.2.bandwidth_share_level": "normal",
                            "network_interface.2.device_address": "pci:0:9",
                            "network_interface.2.key": "4002",
                            "network_interface.2.mac_address": "00:50:56:99:4e:30",
                            "network_interface.2.network_id": "dvportgroup-240",
                            "network_interface.2.use_static_mac": "false",
                            "num_cores_per_socket": "1",
                            "num_cpus": "2",
                            "reboot_required": "false",
                            "resource_pool_id": "resgroup-228",
                            "run_tools_scripts_after_power_on": "true",
                            "run_tools_scripts_after_resume": "true",
                            "run_tools_scripts_before_guest_reboot": "false",
                            "run_tools_scripts_before_guest_shutdown": "true",
                            "run_tools_scripts_before_guest_standby": "true",
                            "scsi_bus_sharing": "noSharing",
                            "scsi_controller_count": "1",
                            "scsi_type": "pvscsi",
                            "shutdown_wait_timeout": "3",
                            "swap_placement_policy": "inherit",
                            "sync_time_with_host": "false",
                            "tags.#": "0",
                            "uuid": "4219d29e-5af9-98d5-5b0a-7806ae181710",
                            "vapp_transport.#": "0",
                            "vmware_tools_status": "guestToolsRunning",
                            "vmx_path": "terraform-SIOSVM3/terraform-SIOSVM3.vmx",
                            "wait_for_guest_net_routable": "true",
                            "wait_for_guest_net_timeout": "5"
                        },
                        "meta": {
                            "schema_version": "3"
                        },
                        "tainted": false
                    },
                    "deposed": [],
                    "provider": "provider.vsphere"
                }
            },
            "depends_on": []
        },
        {
            "path": [
                "root",
                "SDSvm3_Disk1"
            ],
            "outputs": {
                "disk1_datastore_id": {
                    "sensitive": false,
                    "type": "string",
                    "value": "datastore-248"
                }
            },
            "resources": {
                "data.vsphere_datacenter.dc": {
                    "type": "vsphere_datacenter",
                    "depends_on": [],
                    "primary": {
                        "id": "datacenter-2",
                        "attributes": {
                            "id": "datacenter-2",
                            "name": "PacLabs"
                        },
                        "meta": {},
                        "tainted": false
                    },
                    "deposed": [],
                    "provider": "provider.vsphere"
                },
                "data.vsphere_datastore.datastore": {
                    "type": "vsphere_datastore",
                    "depends_on": [
                        "data.vsphere_datacenter.dc"
                    ],
                    "primary": {
                        "id": "datastore-248",
                        "attributes": {
                            "datacenter_id": "datacenter-2",
                            "id": "datastore-248",
                            "name": "PacLabs009-SIO-1"
                        },
                        "meta": {},
                        "tainted": false
                    },
                    "deposed": [],
                    "provider": "provider.vsphere"
                },
                "vsphere_virtual_disk.myDisk": {
                    "type": "vsphere_virtual_disk",
                    "depends_on": [],
                    "primary": {
                        "id": "SDSvm3_Disk1.vmdk",
                        "attributes": {
                            "adapter_type": "lsiLogic",
                            "datacenter": "PacLabs",
                            "datastore": "PacLabs009-SIO-1",
                            "id": "SDSvm3_Disk1.vmdk",
                            "size": "500",
                            "type": "thin",
                            "vmdk_path": "SDSvm3_Disk1.vmdk"
                        },
                        "meta": {},
                        "tainted": false
                    },
                    "deposed": [],
                    "provider": "provider.vsphere"
                }
            },
            "depends_on": []
        },
        {
            "path": [
                "root",
                "SDSvm3_Disk2"
            ],
            "outputs": {
                "disk1_datastore_id": {
                    "sensitive": false,
                    "type": "string",
                    "value": "datastore-249"
                }
            },
            "resources": {
                "data.vsphere_datacenter.dc": {
                    "type": "vsphere_datacenter",
                    "depends_on": [],
                    "primary": {
                        "id": "datacenter-2",
                        "attributes": {
                            "id": "datacenter-2",
                            "name": "PacLabs"
                        },
                        "meta": {},
                        "tainted": false
                    },
                    "deposed": [],
                    "provider": "provider.vsphere"
                },
                "data.vsphere_datastore.datastore": {
                    "type": "vsphere_datastore",
                    "depends_on": [
                        "data.vsphere_datacenter.dc"
                    ],
                    "primary": {
                        "id": "datastore-249",
                        "attributes": {
                            "datacenter_id": "datacenter-2",
                            "id": "datastore-249",
                            "name": "PacLabs009-SIO-2"
                        },
                        "meta": {},
                        "tainted": false
                    },
                    "deposed": [],
                    "provider": "provider.vsphere"
                },
                "vsphere_virtual_disk.myDisk": {
                    "type": "vsphere_virtual_disk",
                    "depends_on": [],
                    "primary": {
                        "id": "SDSvm3_Disk2.vmdk",
                        "attributes": {
                            "adapter_type": "lsiLogic",
                            "datacenter": "PacLabs",
                            "datastore": "PacLabs009-SIO-2",
                            "id": "SDSvm3_Disk2.vmdk",
                            "size": "500",
                            "type": "thin",
                            "vmdk_path": "SDSvm3_Disk2.vmdk"
                        },
                        "meta": {},
                        "tainted": false
                    },
                    "deposed": [],
                    "provider": "provider.vsphere"
                }
            },
            "depends_on": []
        },
        {
            "path": [
                "root",
                "SDSvm3_Disk3"
            ],
            "outputs": {
                "disk1_datastore_id": {
                    "sensitive": false,
                    "type": "string",
                    "value": "datastore-310"
                }
            },
            "resources": {
                "data.vsphere_datacenter.dc": {
                    "type": "vsphere_datacenter",
                    "depends_on": [],
                    "primary": {
                        "id": "datacenter-2",
                        "attributes": {
                            "id": "datacenter-2",
                            "name": "PacLabs"
                        },
                        "meta": {},
                        "tainted": false
                    },
                    "deposed": [],
                    "provider": "provider.vsphere"
                },
                "data.vsphere_datastore.datastore": {
                    "type": "vsphere_datastore",
                    "depends_on": [
                        "data.vsphere_datacenter.dc"
                    ],
                    "primary": {
                        "id": "datastore-310",
                        "attributes": {
                            "datacenter_id": "datacenter-2",
                            "id": "datastore-310",
                            "name": "PacLabs009-SIO-3"
                        },
                        "meta": {},
                        "tainted": false
                    },
                    "deposed": [],
                    "provider": "provider.vsphere"
                },
                "vsphere_virtual_disk.myDisk": {
                    "type": "vsphere_virtual_disk",
                    "depends_on": [],
                    "primary": {
                        "id": "SDSvm3_Disk3.vmdk",
                        "attributes": {
                            "adapter_type": "lsiLogic",
                            "datacenter": "PacLabs",
                            "datastore": "PacLabs009-SIO-3",
                            "id": "SDSvm3_Disk3.vmdk",
                            "size": "500",
                            "type": "thin",
                            "vmdk_path": "SDSvm3_Disk3.vmdk"
                        },
                        "meta": {},
                        "tainted": false
                    },
                    "deposed": [],
                    "provider": "provider.vsphere"
                }
            },
            "depends_on": []
        },
        {
            "path": [
                "root",
                "SDSvm3_Disk4"
            ],
            "outputs": {
                "disk1_datastore_id": {
                    "sensitive": false,
                    "type": "string",
                    "value": "datastore-312"
                }
            },
            "resources": {
                "data.vsphere_datacenter.dc": {
                    "type": "vsphere_datacenter",
                    "depends_on": [],
                    "primary": {
                        "id": "datacenter-2",
                        "attributes": {
                            "id": "datacenter-2",
                            "name": "PacLabs"
                        },
                        "meta": {},
                        "tainted": false
                    },
                    "deposed": [],
                    "provider": "provider.vsphere"
                },
                "data.vsphere_datastore.datastore": {
                    "type": "vsphere_datastore",
                    "depends_on": [
                        "data.vsphere_datacenter.dc"
                    ],
                    "primary": {
                        "id": "datastore-312",
                        "attributes": {
                            "datacenter_id": "datacenter-2",
                            "id": "datastore-312",
                            "name": "PacLabs009-SIO-4"
                        },
                        "meta": {},
                        "tainted": false
                    },
                    "deposed": [],
                    "provider": "provider.vsphere"
                },
                "vsphere_virtual_disk.myDisk": {
                    "type": "vsphere_virtual_disk",
                    "depends_on": [],
                    "primary": {
                        "id": "SDSvm3_Disk4.vmdk",
                        "attributes": {
                            "adapter_type": "lsiLogic",
                            "datacenter": "PacLabs",
                            "datastore": "PacLabs009-SIO-4",
                            "id": "SDSvm3_Disk4.vmdk",
                            "size": "500",
                            "type": "thin",
                            "vmdk_path": "SDSvm3_Disk4.vmdk"
                        },
                        "meta": {},
                        "tainted": false
                    },
                    "deposed": [],
                    "provider": "provider.vsphere"
                }
            },
            "depends_on": []
        }
    ]
}
